// !$*UTF8*$!
{
	archiveVersion = 1;
	classes = {
	};
	objectVersion = 50;
	objects = {

/* Begin PBXBuildFile section */
		D30621B720EE7AC500E2127D /* GameScene.swift in Sources */ = {isa = PBXBuildFile; fileRef = D30621B620EE7AC500E2127D /* GameScene.swift */; };
		D30621B920EE7BEB00E2127D /* GameScene.sks in Resources */ = {isa = PBXBuildFile; fileRef = D30621B820EE7BEB00E2127D /* GameScene.sks */; };
		D30621BD20F02CA400E2127D /* PathItem.swift in Sources */ = {isa = PBXBuildFile; fileRef = D30621BC20F02CA400E2127D /* PathItem.swift */; };
		D30738D320E2B5CA0054DEE6 /* AppDelegate.swift in Sources */ = {isa = PBXBuildFile; fileRef = D30738D220E2B5CA0054DEE6 /* AppDelegate.swift */; };
		D30738D720E2B5CA0054DEE6 /* Actions.sks in Resources */ = {isa = PBXBuildFile; fileRef = D30738D620E2B5CA0054DEE6 /* Actions.sks */; };
		D30738DB20E2B5CA0054DEE6 /* GameViewController.swift in Sources */ = {isa = PBXBuildFile; fileRef = D30738DA20E2B5CA0054DEE6 /* GameViewController.swift */; };
		D30738DE20E2B5CA0054DEE6 /* Main.storyboard in Resources */ = {isa = PBXBuildFile; fileRef = D30738DC20E2B5CA0054DEE6 /* Main.storyboard */; };
		D30738E320E2B5CB0054DEE6 /* LaunchScreen.storyboard in Resources */ = {isa = PBXBuildFile; fileRef = D30738E120E2B5CB0054DEE6 /* LaunchScreen.storyboard */; };
		D30738F020E2B68A0054DEE6 /* Player.swift in Sources */ = {isa = PBXBuildFile; fileRef = D30738EF20E2B68A0054DEE6 /* Player.swift */; };
		D307392020E2B79F0054DEE6 /* running4.png in Resources */ = {isa = PBXBuildFile; fileRef = D30738F820E2B79F0054DEE6 /* running4.png */; };
		D307392120E2B79F0054DEE6 /* running1.png in Resources */ = {isa = PBXBuildFile; fileRef = D30738F920E2B79F0054DEE6 /* running1.png */; };
		D307392220E2B79F0054DEE6 /* running2.png in Resources */ = {isa = PBXBuildFile; fileRef = D30738FA20E2B79F0054DEE6 /* running2.png */; };
		D307392320E2B79F0054DEE6 /* running3.png in Resources */ = {isa = PBXBuildFile; fileRef = D30738FB20E2B79F0054DEE6 /* running3.png */; };
		D307392420E2B79F0054DEE6 /* dizzy1.png in Resources */ = {isa = PBXBuildFile; fileRef = D30738FD20E2B79F0054DEE6 /* dizzy1.png */; };
		D307392520E2B79F0054DEE6 /* dizzy2.png in Resources */ = {isa = PBXBuildFile; fileRef = D30738FE20E2B79F0054DEE6 /* dizzy2.png */; };
		D307392620E2B79F0054DEE6 /* gameover1.png in Resources */ = {isa = PBXBuildFile; fileRef = D307390020E2B79F0054DEE6 /* gameover1.png */; };
		D307392720E2B79F0054DEE6 /* gameover2.png in Resources */ = {isa = PBXBuildFile; fileRef = D307390120E2B79F0054DEE6 /* gameover2.png */; };
		D307392820E2B79F0054DEE6 /* gameover3.png in Resources */ = {isa = PBXBuildFile; fileRef = D307390220E2B79F0054DEE6 /* gameover3.png */; };
		D307392920E2B79F0054DEE6 /* gameover6.png in Resources */ = {isa = PBXBuildFile; fileRef = D307390320E2B79F0054DEE6 /* gameover6.png */; };
		D307392A20E2B79F0054DEE6 /* gameover4.png in Resources */ = {isa = PBXBuildFile; fileRef = D307390420E2B79F0054DEE6 /* gameover4.png */; };
		D307392B20E2B79F0054DEE6 /* gameover5.png in Resources */ = {isa = PBXBuildFile; fileRef = D307390520E2B79F0054DEE6 /* gameover5.png */; };
		D307392C20E2B79F0054DEE6 /* flying6.png in Resources */ = {isa = PBXBuildFile; fileRef = D307390720E2B79F0054DEE6 /* flying6.png */; };
		D307392D20E2B79F0054DEE6 /* flying4.png in Resources */ = {isa = PBXBuildFile; fileRef = D307390820E2B79F0054DEE6 /* flying4.png */; };
		D307392E20E2B79F0054DEE6 /* flying5.png in Resources */ = {isa = PBXBuildFile; fileRef = D307390920E2B79F0054DEE6 /* flying5.png */; };
		D307392F20E2B79F0054DEE6 /* flying1.png in Resources */ = {isa = PBXBuildFile; fileRef = D307390A20E2B79F0054DEE6 /* flying1.png */; };
		D307393020E2B79F0054DEE6 /* flying2.png in Resources */ = {isa = PBXBuildFile; fileRef = D307390B20E2B79F0054DEE6 /* flying2.png */; };
		D307393120E2B79F0054DEE6 /* flying3.png in Resources */ = {isa = PBXBuildFile; fileRef = D307390C20E2B79F0054DEE6 /* flying3.png */; };
		D307393220E2B79F0054DEE6 /* jumpup1.png in Resources */ = {isa = PBXBuildFile; fileRef = D307390E20E2B79F0054DEE6 /* jumpup1.png */; };
		D307393320E2B79F0054DEE6 /* jumpup2.png in Resources */ = {isa = PBXBuildFile; fileRef = D307390F20E2B79F0054DEE6 /* jumpup2.png */; };
		D307393420E2B79F0054DEE6 /* slideB1.png in Resources */ = {isa = PBXBuildFile; fileRef = D307391120E2B79F0054DEE6 /* slideB1.png */; };
		D307393520E2B79F0054DEE6 /* slideB2.png in Resources */ = {isa = PBXBuildFile; fileRef = D307391220E2B79F0054DEE6 /* slideB2.png */; };
		D307393620E2B79F0054DEE6 /* standing6.png in Resources */ = {isa = PBXBuildFile; fileRef = D307391420E2B79F0054DEE6 /* standing6.png */; };
		D307393720E2B79F0054DEE6 /* standing4.png in Resources */ = {isa = PBXBuildFile; fileRef = D307391520E2B79F0054DEE6 /* standing4.png */; };
		D307393820E2B79F0054DEE6 /* standing5.png in Resources */ = {isa = PBXBuildFile; fileRef = D307391620E2B79F0054DEE6 /* standing5.png */; };
		D307393920E2B79F0054DEE6 /* standing1.png in Resources */ = {isa = PBXBuildFile; fileRef = D307391720E2B79F0054DEE6 /* standing1.png */; };
		D307393A20E2B79F0054DEE6 /* standing2.png in Resources */ = {isa = PBXBuildFile; fileRef = D307391820E2B79F0054DEE6 /* standing2.png */; };
		D307393B20E2B79F0054DEE6 /* standing3.png in Resources */ = {isa = PBXBuildFile; fileRef = D307391920E2B79F0054DEE6 /* standing3.png */; };
		D307393C20E2B79F0054DEE6 /* jumpfall1.png in Resources */ = {isa = PBXBuildFile; fileRef = D307391B20E2B79F0054DEE6 /* jumpfall1.png */; };
		D307393D20E2B79F0054DEE6 /* jumpfall2.png in Resources */ = {isa = PBXBuildFile; fileRef = D307391C20E2B79F0054DEE6 /* jumpfall2.png */; };
		D307393E20E2B79F0054DEE6 /* slideA2.png in Resources */ = {isa = PBXBuildFile; fileRef = D307391E20E2B79F0054DEE6 /* slideA2.png */; };
		D307393F20E2B79F0054DEE6 /* slideA1.png in Resources */ = {isa = PBXBuildFile; fileRef = D307391F20E2B79F0054DEE6 /* slideA1.png */; };
		D307394120E2BB480054DEE6 /* testPlayer.png in Resources */ = {isa = PBXBuildFile; fileRef = D307394020E2BB470054DEE6 /* testPlayer.png */; };
		D330D86C20F3DCE60018ED1F /* PathEngine.swift in Sources */ = {isa = PBXBuildFile; fileRef = D330D86B20F3DCE60018ED1F /* PathEngine.swift */; };
		D330D87420F576B30018ED1F /* Consumable.swift in Sources */ = {isa = PBXBuildFile; fileRef = D330D87320F576B30018ED1F /* Consumable.swift */; };
		D330D88920F7D6710018ED1F /* Global.swift in Sources */ = {isa = PBXBuildFile; fileRef = D330D88820F7D6710018ED1F /* Global.swift */; };
		D330D88D20F806BD0018ED1F /* BonusScene.swift in Sources */ = {isa = PBXBuildFile; fileRef = D330D88C20F806BD0018ED1F /* BonusScene.swift */; };
		D330D88F20F80D160018ED1F /* BonusScene.sks in Resources */ = {isa = PBXBuildFile; fileRef = D330D88E20F80D160018ED1F /* BonusScene.sks */; };
		D330D89320F9327B0018ED1F /* Points.swift in Sources */ = {isa = PBXBuildFile; fileRef = D330D89220F9327B0018ED1F /* Points.swift */; };
		D330D89720F95B810018ED1F /* ABurst.sks in Resources */ = {isa = PBXBuildFile; fileRef = D330D89620F95B810018ED1F /* ABurst.sks */; };
		D330D8C720FB146D0018ED1F /* APulse.sks in Resources */ = {isa = PBXBuildFile; fileRef = D330D8C620FB146D0018ED1F /* APulse.sks */; };
		D330D8C920FD26D60018ED1F /* GameOverScene.swift in Sources */ = {isa = PBXBuildFile; fileRef = D330D8C820FD26D60018ED1F /* GameOverScene.swift */; };
		D330D8CB20FD26F50018ED1F /* GameOverScene.sks in Resources */ = {isa = PBXBuildFile; fileRef = D330D8CA20FD26F50018ED1F /* GameOverScene.sks */; };
		D330D90A20FD6ABF0018ED1F /* thought.png in Resources */ = {isa = PBXBuildFile; fileRef = D330D90720FD6ABF0018ED1F /* thought.png */; };
		D330D90B20FD6ABF0018ED1F /* clouds.png in Resources */ = {isa = PBXBuildFile; fileRef = D330D90820FD6ABF0018ED1F /* clouds.png */; };
		D330D91320FDB05E0018ED1F /* roundcloud.png in Resources */ = {isa = PBXBuildFile; fileRef = D330D91220FDB05E0018ED1F /* roundcloud.png */; };
		D330D91620FDB8750018ED1F /* bigroundcloud.png in Resources */ = {isa = PBXBuildFile; fileRef = D330D91520FDB8750018ED1F /* bigroundcloud.png */; };
		D330D91A20FE56C40018ED1F /* Insect.swift in Sources */ = {isa = PBXBuildFile; fileRef = D330D91920FE56C40018ED1F /* Insect.swift */; };
		D330D92D20FE68940018ED1F /* InsectEngine.swift in Sources */ = {isa = PBXBuildFile; fileRef = D330D92C20FE68940018ED1F /* InsectEngine.swift */; };
		D330D93E20FEC32C0018ED1F /* Rock.swift in Sources */ = {isa = PBXBuildFile; fileRef = D330D93D20FEC32C0018ED1F /* Rock.swift */; };
		D330D95720FFAE8A0018ED1F /* rocks.png in Resources */ = {isa = PBXBuildFile; fileRef = D330D95120FFAE8A0018ED1F /* rocks.png */; };
		D330D95820FFAE8A0018ED1F /* rock2.png in Resources */ = {isa = PBXBuildFile; fileRef = D330D95220FFAE8A0018ED1F /* rock2.png */; };
		D330D95920FFAE8A0018ED1F /* rock1.png in Resources */ = {isa = PBXBuildFile; fileRef = D330D95320FFAE8A0018ED1F /* rock1.png */; };
		D330D95A20FFAE8A0018ED1F /* rock3.png in Resources */ = {isa = PBXBuildFile; fileRef = D330D95420FFAE8A0018ED1F /* rock3.png */; };
		D330D96020FFF4610018ED1F /* CountDown.swift in Sources */ = {isa = PBXBuildFile; fileRef = D330D95F20FFF4610018ED1F /* CountDown.swift */; };
		D36D9DD7210108A700F86C90 /* IntroScene.swift in Sources */ = {isa = PBXBuildFile; fileRef = D36D9DD6210108A700F86C90 /* IntroScene.swift */; };
		D36D9DD9210108DD00F86C90 /* IntroScene.sks in Resources */ = {isa = PBXBuildFile; fileRef = D36D9DD8210108DD00F86C90 /* IntroScene.sks */; };
		D36D9DDB21010B5D00F86C90 /* squarespeech.png in Resources */ = {isa = PBXBuildFile; fileRef = D36D9DDA21010B5D00F86C90 /* squarespeech.png */; };
		D36D9DDE210112B800F86C90 /* Bubble.swift in Sources */ = {isa = PBXBuildFile; fileRef = D36D9DDD210112B800F86C90 /* Bubble.swift */; };
		D36D9DFC21013D6000F86C90 /* LabelMaker.swift in Sources */ = {isa = PBXBuildFile; fileRef = D36D9DFB21013D6000F86C90 /* LabelMaker.swift */; };
		D36D9E07210157E500F86C90 /* hardbutton.png in Resources */ = {isa = PBXBuildFile; fileRef = D36D9E04210157E500F86C90 /* hardbutton.png */; };
		D36D9E08210157E500F86C90 /* easybutton.png in Resources */ = {isa = PBXBuildFile; fileRef = D36D9E05210157E500F86C90 /* easybutton.png */; };
		D36D9E09210157E500F86C90 /* mediumbutton.png in Resources */ = {isa = PBXBuildFile; fileRef = D36D9E06210157E500F86C90 /* mediumbutton.png */; };
		D36D9E182102707300F86C90 /* Cbonus.png in Resources */ = {isa = PBXBuildFile; fileRef = D36D9E0F2102707200F86C90 /* Cbonus.png */; };
		D36D9E192102707300F86C90 /* Cdrink.png in Resources */ = {isa = PBXBuildFile; fileRef = D36D9E102102707200F86C90 /* Cdrink.png */; };
		D36D9E1A2102707300F86C90 /* Cstand.png in Resources */ = {isa = PBXBuildFile; fileRef = D36D9E112102707200F86C90 /* Cstand.png */; };
		D36D9E212102720000F86C90 /* Abonus.png in Resources */ = {isa = PBXBuildFile; fileRef = D36D9E1E210271FF00F86C90 /* Abonus.png */; };
		D36D9E222102720000F86C90 /* Astand.png in Resources */ = {isa = PBXBuildFile; fileRef = D36D9E1F210271FF00F86C90 /* Astand.png */; };
		D36D9E232102720000F86C90 /* Adrink.png in Resources */ = {isa = PBXBuildFile; fileRef = D36D9E20210271FF00F86C90 /* Adrink.png */; };
		D36D9E27210277A100F86C90 /* BBdrink.png in Resources */ = {isa = PBXBuildFile; fileRef = D36D9E24210277A000F86C90 /* BBdrink.png */; };
		D36D9E28210277A100F86C90 /* BBstand.png in Resources */ = {isa = PBXBuildFile; fileRef = D36D9E25210277A000F86C90 /* BBstand.png */; };
		D36D9E29210277A100F86C90 /* BBbonus.png in Resources */ = {isa = PBXBuildFile; fileRef = D36D9E26210277A000F86C90 /* BBbonus.png */; };
		D36D9E2E210282DD00F86C90 /* Portal.swift in Sources */ = {isa = PBXBuildFile; fileRef = D36D9E2D210282DD00F86C90 /* Portal.swift */; };
		D36D9E332102832200F86C90 /* plane.png in Resources */ = {isa = PBXBuildFile; fileRef = D36D9E322102832200F86C90 /* plane.png */; };
		D36D9E352102910C00F86C90 /* Loading.sks in Resources */ = {isa = PBXBuildFile; fileRef = D36D9E342102910C00F86C90 /* Loading.sks */; };
		D36D9E372102915700F86C90 /* Loading.swift in Sources */ = {isa = PBXBuildFile; fileRef = D36D9E362102915700F86C90 /* Loading.swift */; };
		D36D9E392102A4BA00F86C90 /* scrollcloud.png in Resources */ = {isa = PBXBuildFile; fileRef = D36D9E382102A4BA00F86C90 /* scrollcloud.png */; };
		D36D9E3B2102AAB300F86C90 /* longcloud.png in Resources */ = {isa = PBXBuildFile; fileRef = D36D9E3A2102AAB300F86C90 /* longcloud.png */; };
		D36D9E472102C32D00F86C90 /* DifficultyManager.swift in Sources */ = {isa = PBXBuildFile; fileRef = D36D9E462102C32D00F86C90 /* DifficultyManager.swift */; };
		D36D9E4B2102F92A00F86C90 /* Bdrink.png in Resources */ = {isa = PBXBuildFile; fileRef = D36D9E482102F92900F86C90 /* Bdrink.png */; };
		D36D9E4C2102F92A00F86C90 /* Bstand.png in Resources */ = {isa = PBXBuildFile; fileRef = D36D9E492102F92900F86C90 /* Bstand.png */; };
		D36D9E4D2102F92A00F86C90 /* Bbonus.png in Resources */ = {isa = PBXBuildFile; fileRef = D36D9E4A2102F92A00F86C90 /* Bbonus.png */; };
		D36D9E512102FB4B00F86C90 /* BBurst.sks in Resources */ = {isa = PBXBuildFile; fileRef = D36D9E502102FB4B00F86C90 /* BBurst.sks */; };
		D36D9E552102FCE300F86C90 /* BPulse.sks in Resources */ = {isa = PBXBuildFile; fileRef = D36D9E542102FCE300F86C90 /* BPulse.sks */; };
		D36D9E57210300D500F86C90 /* CPulse.sks in Resources */ = {isa = PBXBuildFile; fileRef = D36D9E56210300D500F86C90 /* CPulse.sks */; };
		D36D9E59210307C700F86C90 /* Snow.sks in Resources */ = {isa = PBXBuildFile; fileRef = D36D9E58210307C700F86C90 /* Snow.sks */; };
		D36D9E5C2103083A00F86C90 /* CBurst.sks in Resources */ = {isa = PBXBuildFile; fileRef = D36D9E5A2103083A00F86C90 /* CBurst.sks */; };
		D36D9E5D2103083A00F86C90 /* Assets.xcassets in Resources */ = {isa = PBXBuildFile; fileRef = D36D9E5B2103083A00F86C90 /* Assets.xcassets */; };
		D36D9E7421031B3900F86C90 /* 1vertical.png in Resources */ = {isa = PBXBuildFile; fileRef = D36D9E6B21031B3800F86C90 /* 1vertical.png */; };
		D36D9E7521031B3900F86C90 /* 2horizontal.png in Resources */ = {isa = PBXBuildFile; fileRef = D36D9E6C21031B3800F86C90 /* 2horizontal.png */; };
		D36D9E7621031B3900F86C90 /* 3horizontal.png in Resources */ = {isa = PBXBuildFile; fileRef = D36D9E6D21031B3800F86C90 /* 3horizontal.png */; };
		D36D9E7721031B3900F86C90 /* 5horizontal.png in Resources */ = {isa = PBXBuildFile; fileRef = D36D9E6E21031B3800F86C90 /* 5horizontal.png */; };
		D36D9E7821031B3900F86C90 /* 1horizontal.png in Resources */ = {isa = PBXBuildFile; fileRef = D36D9E6F21031B3800F86C90 /* 1horizontal.png */; };
		D36D9E7921031B3900F86C90 /* 2vertical.png in Resources */ = {isa = PBXBuildFile; fileRef = D36D9E7021031B3800F86C90 /* 2vertical.png */; };
		D36D9E7A21031B3900F86C90 /* 4horizontal.png in Resources */ = {isa = PBXBuildFile; fileRef = D36D9E7121031B3900F86C90 /* 4horizontal.png */; };
		D36D9E7B21031B3900F86C90 /* 6horizontal.png in Resources */ = {isa = PBXBuildFile; fileRef = D36D9E7221031B3900F86C90 /* 6horizontal.png */; };
		D36D9E7C21031B3900F86C90 /* 3vertical.png in Resources */ = {isa = PBXBuildFile; fileRef = D36D9E7321031B3900F86C90 /* 3vertical.png */; };
		D36D9E8021031C0E00F86C90 /* grayroundcloud.png in Resources */ = {isa = PBXBuildFile; fileRef = D36D9E7F21031C0E00F86C90 /* grayroundcloud.png */; };
		D38A22D12103ABB6006EB471 /* speech.png in Resources */ = {isa = PBXBuildFile; fileRef = D38A22D02103ABB6006EB471 /* speech.png */; };
		D38A22D32103ABC5006EB471 /* curvyspeech.png in Resources */ = {isa = PBXBuildFile; fileRef = D38A22D22103ABC5006EB471 /* curvyspeech.png */; };
		D3B6662E210000C400E88D21 /* graylongcloud.png in Resources */ = {isa = PBXBuildFile; fileRef = D3B6662D210000C400E88D21 /* graylongcloud.png */; };
		D3B6663221000E7E00E88D21 /* roundspeech.png in Resources */ = {isa = PBXBuildFile; fileRef = D3B6663121000E7E00E88D21 /* roundspeech.png */; };
		D3B6663421001DD700E88D21 /* boltspeech.png in Resources */ = {isa = PBXBuildFile; fileRef = D3B6663321001DD700E88D21 /* boltspeech.png */; };
/* End PBXBuildFile section */

/* Begin PBXFileReference section */
		D30621B620EE7AC500E2127D /* GameScene.swift */ = {isa = PBXFileReference; lastKnownFileType = sourcecode.swift; path = GameScene.swift; sourceTree = "<group>"; };
		D30621B820EE7BEB00E2127D /* GameScene.sks */ = {isa = PBXFileReference; lastKnownFileType = file.sks; path = GameScene.sks; sourceTree = "<group>"; };
		D30621BC20F02CA400E2127D /* PathItem.swift */ = {isa = PBXFileReference; lastKnownFileType = sourcecode.swift; path = PathItem.swift; sourceTree = "<group>"; };
		D30738CF20E2B5CA0054DEE6 /* CapGame.app */ = {isa = PBXFileReference; explicitFileType = wrapper.application; includeInIndex = 0; path = CapGame.app; sourceTree = BUILT_PRODUCTS_DIR; };
		D30738D220E2B5CA0054DEE6 /* AppDelegate.swift */ = {isa = PBXFileReference; lastKnownFileType = sourcecode.swift; path = AppDelegate.swift; sourceTree = "<group>"; };
		D30738D620E2B5CA0054DEE6 /* Actions.sks */ = {isa = PBXFileReference; lastKnownFileType = file.sks; path = Actions.sks; sourceTree = "<group>"; };
		D30738DA20E2B5CA0054DEE6 /* GameViewController.swift */ = {isa = PBXFileReference; lastKnownFileType = sourcecode.swift; path = GameViewController.swift; sourceTree = "<group>"; };
		D30738DD20E2B5CA0054DEE6 /* Base */ = {isa = PBXFileReference; lastKnownFileType = file.storyboard; name = Base; path = Base.lproj/Main.storyboard; sourceTree = "<group>"; };
		D30738E220E2B5CB0054DEE6 /* Base */ = {isa = PBXFileReference; lastKnownFileType = file.storyboard; name = Base; path = Base.lproj/LaunchScreen.storyboard; sourceTree = "<group>"; };
		D30738E420E2B5CB0054DEE6 /* Info.plist */ = {isa = PBXFileReference; lastKnownFileType = text.plist.xml; path = Info.plist; sourceTree = "<group>"; };
		D30738EF20E2B68A0054DEE6 /* Player.swift */ = {isa = PBXFileReference; lastKnownFileType = sourcecode.swift; path = Player.swift; sourceTree = "<group>"; };
		D30738F820E2B79F0054DEE6 /* running4.png */ = {isa = PBXFileReference; lastKnownFileType = image.png; path = running4.png; sourceTree = "<group>"; };
		D30738F920E2B79F0054DEE6 /* running1.png */ = {isa = PBXFileReference; lastKnownFileType = image.png; path = running1.png; sourceTree = "<group>"; };
		D30738FA20E2B79F0054DEE6 /* running2.png */ = {isa = PBXFileReference; lastKnownFileType = image.png; path = running2.png; sourceTree = "<group>"; };
		D30738FB20E2B79F0054DEE6 /* running3.png */ = {isa = PBXFileReference; lastKnownFileType = image.png; path = running3.png; sourceTree = "<group>"; };
		D30738FD20E2B79F0054DEE6 /* dizzy1.png */ = {isa = PBXFileReference; lastKnownFileType = image.png; path = dizzy1.png; sourceTree = "<group>"; };
		D30738FE20E2B79F0054DEE6 /* dizzy2.png */ = {isa = PBXFileReference; lastKnownFileType = image.png; path = dizzy2.png; sourceTree = "<group>"; };
		D307390020E2B79F0054DEE6 /* gameover1.png */ = {isa = PBXFileReference; lastKnownFileType = image.png; path = gameover1.png; sourceTree = "<group>"; };
		D307390120E2B79F0054DEE6 /* gameover2.png */ = {isa = PBXFileReference; lastKnownFileType = image.png; path = gameover2.png; sourceTree = "<group>"; };
		D307390220E2B79F0054DEE6 /* gameover3.png */ = {isa = PBXFileReference; lastKnownFileType = image.png; path = gameover3.png; sourceTree = "<group>"; };
		D307390320E2B79F0054DEE6 /* gameover6.png */ = {isa = PBXFileReference; lastKnownFileType = image.png; path = gameover6.png; sourceTree = "<group>"; };
		D307390420E2B79F0054DEE6 /* gameover4.png */ = {isa = PBXFileReference; lastKnownFileType = image.png; path = gameover4.png; sourceTree = "<group>"; };
		D307390520E2B79F0054DEE6 /* gameover5.png */ = {isa = PBXFileReference; lastKnownFileType = image.png; path = gameover5.png; sourceTree = "<group>"; };
		D307390720E2B79F0054DEE6 /* flying6.png */ = {isa = PBXFileReference; lastKnownFileType = image.png; path = flying6.png; sourceTree = "<group>"; };
		D307390820E2B79F0054DEE6 /* flying4.png */ = {isa = PBXFileReference; lastKnownFileType = image.png; path = flying4.png; sourceTree = "<group>"; };
		D307390920E2B79F0054DEE6 /* flying5.png */ = {isa = PBXFileReference; lastKnownFileType = image.png; path = flying5.png; sourceTree = "<group>"; };
		D307390A20E2B79F0054DEE6 /* flying1.png */ = {isa = PBXFileReference; lastKnownFileType = image.png; path = flying1.png; sourceTree = "<group>"; };
		D307390B20E2B79F0054DEE6 /* flying2.png */ = {isa = PBXFileReference; lastKnownFileType = image.png; path = flying2.png; sourceTree = "<group>"; };
		D307390C20E2B79F0054DEE6 /* flying3.png */ = {isa = PBXFileReference; lastKnownFileType = image.png; path = flying3.png; sourceTree = "<group>"; };
		D307390E20E2B79F0054DEE6 /* jumpup1.png */ = {isa = PBXFileReference; lastKnownFileType = image.png; path = jumpup1.png; sourceTree = "<group>"; };
		D307390F20E2B79F0054DEE6 /* jumpup2.png */ = {isa = PBXFileReference; lastKnownFileType = image.png; path = jumpup2.png; sourceTree = "<group>"; };
		D307391120E2B79F0054DEE6 /* slideB1.png */ = {isa = PBXFileReference; lastKnownFileType = image.png; path = slideB1.png; sourceTree = "<group>"; };
		D307391220E2B79F0054DEE6 /* slideB2.png */ = {isa = PBXFileReference; lastKnownFileType = image.png; path = slideB2.png; sourceTree = "<group>"; };
		D307391420E2B79F0054DEE6 /* standing6.png */ = {isa = PBXFileReference; lastKnownFileType = image.png; path = standing6.png; sourceTree = "<group>"; };
		D307391520E2B79F0054DEE6 /* standing4.png */ = {isa = PBXFileReference; lastKnownFileType = image.png; path = standing4.png; sourceTree = "<group>"; };
		D307391620E2B79F0054DEE6 /* standing5.png */ = {isa = PBXFileReference; lastKnownFileType = image.png; path = standing5.png; sourceTree = "<group>"; };
		D307391720E2B79F0054DEE6 /* standing1.png */ = {isa = PBXFileReference; lastKnownFileType = image.png; path = standing1.png; sourceTree = "<group>"; };
		D307391820E2B79F0054DEE6 /* standing2.png */ = {isa = PBXFileReference; lastKnownFileType = image.png; path = standing2.png; sourceTree = "<group>"; };
		D307391920E2B79F0054DEE6 /* standing3.png */ = {isa = PBXFileReference; lastKnownFileType = image.png; path = standing3.png; sourceTree = "<group>"; };
		D307391B20E2B79F0054DEE6 /* jumpfall1.png */ = {isa = PBXFileReference; lastKnownFileType = image.png; path = jumpfall1.png; sourceTree = "<group>"; };
		D307391C20E2B79F0054DEE6 /* jumpfall2.png */ = {isa = PBXFileReference; lastKnownFileType = image.png; path = jumpfall2.png; sourceTree = "<group>"; };
		D307391E20E2B79F0054DEE6 /* slideA2.png */ = {isa = PBXFileReference; lastKnownFileType = image.png; path = slideA2.png; sourceTree = "<group>"; };
		D307391F20E2B79F0054DEE6 /* slideA1.png */ = {isa = PBXFileReference; lastKnownFileType = image.png; path = slideA1.png; sourceTree = "<group>"; };
		D307394020E2BB470054DEE6 /* testPlayer.png */ = {isa = PBXFileReference; lastKnownFileType = image.png; path = testPlayer.png; sourceTree = "<group>"; };
		D330D86B20F3DCE60018ED1F /* PathEngine.swift */ = {isa = PBXFileReference; lastKnownFileType = sourcecode.swift; path = PathEngine.swift; sourceTree = "<group>"; };
		D330D87320F576B30018ED1F /* Consumable.swift */ = {isa = PBXFileReference; lastKnownFileType = sourcecode.swift; path = Consumable.swift; sourceTree = "<group>"; };
		D330D88820F7D6710018ED1F /* Global.swift */ = {isa = PBXFileReference; lastKnownFileType = sourcecode.swift; path = Global.swift; sourceTree = "<group>"; };
		D330D88C20F806BD0018ED1F /* BonusScene.swift */ = {isa = PBXFileReference; lastKnownFileType = sourcecode.swift; path = BonusScene.swift; sourceTree = "<group>"; };
		D330D88E20F80D160018ED1F /* BonusScene.sks */ = {isa = PBXFileReference; lastKnownFileType = file.sks; path = BonusScene.sks; sourceTree = "<group>"; };
		D330D89220F9327B0018ED1F /* Points.swift */ = {isa = PBXFileReference; lastKnownFileType = sourcecode.swift; path = Points.swift; sourceTree = "<group>"; };
		D330D89620F95B810018ED1F /* ABurst.sks */ = {isa = PBXFileReference; lastKnownFileType = file.sks; path = ABurst.sks; sourceTree = "<group>"; };
		D330D8C620FB146D0018ED1F /* APulse.sks */ = {isa = PBXFileReference; lastKnownFileType = file.sks; path = APulse.sks; sourceTree = "<group>"; };
		D330D8C820FD26D60018ED1F /* GameOverScene.swift */ = {isa = PBXFileReference; lastKnownFileType = sourcecode.swift; path = GameOverScene.swift; sourceTree = "<group>"; };
		D330D8CA20FD26F50018ED1F /* GameOverScene.sks */ = {isa = PBXFileReference; lastKnownFileType = file.sks; path = GameOverScene.sks; sourceTree = "<group>"; };
		D330D90720FD6ABF0018ED1F /* thought.png */ = {isa = PBXFileReference; lastKnownFileType = image.png; path = thought.png; sourceTree = "<group>"; };
		D330D90820FD6ABF0018ED1F /* clouds.png */ = {isa = PBXFileReference; lastKnownFileType = image.png; path = clouds.png; sourceTree = "<group>"; };
		D330D91220FDB05E0018ED1F /* roundcloud.png */ = {isa = PBXFileReference; lastKnownFileType = image.png; path = roundcloud.png; sourceTree = "<group>"; };
		D330D91520FDB8750018ED1F /* bigroundcloud.png */ = {isa = PBXFileReference; lastKnownFileType = image.png; path = bigroundcloud.png; sourceTree = "<group>"; };
		D330D91920FE56C40018ED1F /* Insect.swift */ = {isa = PBXFileReference; lastKnownFileType = sourcecode.swift; path = Insect.swift; sourceTree = "<group>"; };
		D330D92C20FE68940018ED1F /* InsectEngine.swift */ = {isa = PBXFileReference; lastKnownFileType = sourcecode.swift; path = InsectEngine.swift; sourceTree = "<group>"; };
		D330D93D20FEC32C0018ED1F /* Rock.swift */ = {isa = PBXFileReference; lastKnownFileType = sourcecode.swift; path = Rock.swift; sourceTree = "<group>"; };
		D330D95120FFAE8A0018ED1F /* rocks.png */ = {isa = PBXFileReference; lastKnownFileType = image.png; path = rocks.png; sourceTree = "<group>"; };
		D330D95220FFAE8A0018ED1F /* rock2.png */ = {isa = PBXFileReference; lastKnownFileType = image.png; path = rock2.png; sourceTree = "<group>"; };
		D330D95320FFAE8A0018ED1F /* rock1.png */ = {isa = PBXFileReference; lastKnownFileType = image.png; path = rock1.png; sourceTree = "<group>"; };
		D330D95420FFAE8A0018ED1F /* rock3.png */ = {isa = PBXFileReference; lastKnownFileType = image.png; path = rock3.png; sourceTree = "<group>"; };
		D330D95F20FFF4610018ED1F /* CountDown.swift */ = {isa = PBXFileReference; lastKnownFileType = sourcecode.swift; path = CountDown.swift; sourceTree = "<group>"; };
		D36D9DD6210108A700F86C90 /* IntroScene.swift */ = {isa = PBXFileReference; lastKnownFileType = sourcecode.swift; path = IntroScene.swift; sourceTree = "<group>"; };
		D36D9DD8210108DD00F86C90 /* IntroScene.sks */ = {isa = PBXFileReference; lastKnownFileType = file.sks; path = IntroScene.sks; sourceTree = "<group>"; };
		D36D9DDA21010B5D00F86C90 /* squarespeech.png */ = {isa = PBXFileReference; lastKnownFileType = image.png; path = squarespeech.png; sourceTree = "<group>"; };
		D36D9DDD210112B800F86C90 /* Bubble.swift */ = {isa = PBXFileReference; lastKnownFileType = sourcecode.swift; path = Bubble.swift; sourceTree = "<group>"; };
		D36D9DFB21013D6000F86C90 /* LabelMaker.swift */ = {isa = PBXFileReference; lastKnownFileType = sourcecode.swift; path = LabelMaker.swift; sourceTree = "<group>"; };
		D36D9E04210157E500F86C90 /* hardbutton.png */ = {isa = PBXFileReference; lastKnownFileType = image.png; path = hardbutton.png; sourceTree = "<group>"; };
		D36D9E05210157E500F86C90 /* easybutton.png */ = {isa = PBXFileReference; lastKnownFileType = image.png; path = easybutton.png; sourceTree = "<group>"; };
		D36D9E06210157E500F86C90 /* mediumbutton.png */ = {isa = PBXFileReference; lastKnownFileType = image.png; path = mediumbutton.png; sourceTree = "<group>"; };
		D36D9E0F2102707200F86C90 /* Cbonus.png */ = {isa = PBXFileReference; lastKnownFileType = image.png; path = Cbonus.png; sourceTree = "<group>"; };
		D36D9E102102707200F86C90 /* Cdrink.png */ = {isa = PBXFileReference; lastKnownFileType = image.png; path = Cdrink.png; sourceTree = "<group>"; };
		D36D9E112102707200F86C90 /* Cstand.png */ = {isa = PBXFileReference; lastKnownFileType = image.png; path = Cstand.png; sourceTree = "<group>"; };
		D36D9E1E210271FF00F86C90 /* Abonus.png */ = {isa = PBXFileReference; lastKnownFileType = image.png; path = Abonus.png; sourceTree = "<group>"; };
		D36D9E1F210271FF00F86C90 /* Astand.png */ = {isa = PBXFileReference; lastKnownFileType = image.png; path = Astand.png; sourceTree = "<group>"; };
		D36D9E20210271FF00F86C90 /* Adrink.png */ = {isa = PBXFileReference; lastKnownFileType = image.png; path = Adrink.png; sourceTree = "<group>"; };
		D36D9E24210277A000F86C90 /* BBdrink.png */ = {isa = PBXFileReference; lastKnownFileType = image.png; path = BBdrink.png; sourceTree = "<group>"; };
		D36D9E25210277A000F86C90 /* BBstand.png */ = {isa = PBXFileReference; lastKnownFileType = image.png; path = BBstand.png; sourceTree = "<group>"; };
		D36D9E26210277A000F86C90 /* BBbonus.png */ = {isa = PBXFileReference; lastKnownFileType = image.png; path = BBbonus.png; sourceTree = "<group>"; };
		D36D9E2D210282DD00F86C90 /* Portal.swift */ = {isa = PBXFileReference; lastKnownFileType = sourcecode.swift; path = Portal.swift; sourceTree = "<group>"; };
		D36D9E322102832200F86C90 /* plane.png */ = {isa = PBXFileReference; lastKnownFileType = image.png; path = plane.png; sourceTree = "<group>"; };
		D36D9E342102910C00F86C90 /* Loading.sks */ = {isa = PBXFileReference; lastKnownFileType = file.sks; path = Loading.sks; sourceTree = "<group>"; };
		D36D9E362102915700F86C90 /* Loading.swift */ = {isa = PBXFileReference; lastKnownFileType = sourcecode.swift; path = Loading.swift; sourceTree = "<group>"; };
		D36D9E382102A4BA00F86C90 /* scrollcloud.png */ = {isa = PBXFileReference; lastKnownFileType = image.png; path = scrollcloud.png; sourceTree = "<group>"; };
		D36D9E3A2102AAB300F86C90 /* longcloud.png */ = {isa = PBXFileReference; lastKnownFileType = image.png; path = longcloud.png; sourceTree = "<group>"; };
		D36D9E462102C32D00F86C90 /* DifficultyManager.swift */ = {isa = PBXFileReference; lastKnownFileType = sourcecode.swift; path = DifficultyManager.swift; sourceTree = "<group>"; };
		D36D9E482102F92900F86C90 /* Bdrink.png */ = {isa = PBXFileReference; lastKnownFileType = image.png; path = Bdrink.png; sourceTree = "<group>"; };
		D36D9E492102F92900F86C90 /* Bstand.png */ = {isa = PBXFileReference; lastKnownFileType = image.png; path = Bstand.png; sourceTree = "<group>"; };
		D36D9E4A2102F92A00F86C90 /* Bbonus.png */ = {isa = PBXFileReference; lastKnownFileType = image.png; path = Bbonus.png; sourceTree = "<group>"; };
		D36D9E502102FB4B00F86C90 /* BBurst.sks */ = {isa = PBXFileReference; lastKnownFileType = file.sks; path = BBurst.sks; sourceTree = "<group>"; };
		D36D9E542102FCE300F86C90 /* BPulse.sks */ = {isa = PBXFileReference; lastKnownFileType = file.sks; path = BPulse.sks; sourceTree = "<group>"; };
		D36D9E56210300D500F86C90 /* CPulse.sks */ = {isa = PBXFileReference; lastKnownFileType = file.sks; path = CPulse.sks; sourceTree = "<group>"; };
		D36D9E58210307C700F86C90 /* Snow.sks */ = {isa = PBXFileReference; lastKnownFileType = file.sks; path = Snow.sks; sourceTree = "<group>"; };
		D36D9E5A2103083A00F86C90 /* CBurst.sks */ = {isa = PBXFileReference; lastKnownFileType = file.sks; path = CBurst.sks; sourceTree = "<group>"; };
		D36D9E5B2103083A00F86C90 /* Assets.xcassets */ = {isa = PBXFileReference; lastKnownFileType = folder.assetcatalog; path = Assets.xcassets; sourceTree = "<group>"; };
		D36D9E6B21031B3800F86C90 /* 1vertical.png */ = {isa = PBXFileReference; lastKnownFileType = image.png; path = 1vertical.png; sourceTree = "<group>"; };
		D36D9E6C21031B3800F86C90 /* 2horizontal.png */ = {isa = PBXFileReference; lastKnownFileType = image.png; path = 2horizontal.png; sourceTree = "<group>"; };
		D36D9E6D21031B3800F86C90 /* 3horizontal.png */ = {isa = PBXFileReference; lastKnownFileType = image.png; path = 3horizontal.png; sourceTree = "<group>"; };
		D36D9E6E21031B3800F86C90 /* 5horizontal.png */ = {isa = PBXFileReference; lastKnownFileType = image.png; path = 5horizontal.png; sourceTree = "<group>"; };
		D36D9E6F21031B3800F86C90 /* 1horizontal.png */ = {isa = PBXFileReference; lastKnownFileType = image.png; path = 1horizontal.png; sourceTree = "<group>"; };
		D36D9E7021031B3800F86C90 /* 2vertical.png */ = {isa = PBXFileReference; lastKnownFileType = image.png; path = 2vertical.png; sourceTree = "<group>"; };
		D36D9E7121031B3900F86C90 /* 4horizontal.png */ = {isa = PBXFileReference; lastKnownFileType = image.png; path = 4horizontal.png; sourceTree = "<group>"; };
		D36D9E7221031B3900F86C90 /* 6horizontal.png */ = {isa = PBXFileReference; lastKnownFileType = image.png; path = 6horizontal.png; sourceTree = "<group>"; };
		D36D9E7321031B3900F86C90 /* 3vertical.png */ = {isa = PBXFileReference; lastKnownFileType = image.png; path = 3vertical.png; sourceTree = "<group>"; };
		D36D9E7F21031C0E00F86C90 /* grayroundcloud.png */ = {isa = PBXFileReference; lastKnownFileType = image.png; path = grayroundcloud.png; sourceTree = "<group>"; };
		D38A22D02103ABB6006EB471 /* speech.png */ = {isa = PBXFileReference; lastKnownFileType = image.png; path = speech.png; sourceTree = "<group>"; };
		D38A22D22103ABC5006EB471 /* curvyspeech.png */ = {isa = PBXFileReference; lastKnownFileType = image.png; path = curvyspeech.png; sourceTree = "<group>"; };
		D3B6662D210000C400E88D21 /* graylongcloud.png */ = {isa = PBXFileReference; lastKnownFileType = image.png; path = graylongcloud.png; sourceTree = "<group>"; };
		D3B6663121000E7E00E88D21 /* roundspeech.png */ = {isa = PBXFileReference; lastKnownFileType = image.png; path = roundspeech.png; sourceTree = "<group>"; };
		D3B6663321001DD700E88D21 /* boltspeech.png */ = {isa = PBXFileReference; lastKnownFileType = image.png; path = boltspeech.png; sourceTree = "<group>"; };
/* End PBXFileReference section */

/* Begin PBXFrameworksBuildPhase section */
		D30738CC20E2B5CA0054DEE6 /* Frameworks */ = {
			isa = PBXFrameworksBuildPhase;
			buildActionMask = 2147483647;
			files = (
			);
			runOnlyForDeploymentPostprocessing = 0;
		};
/* End PBXFrameworksBuildPhase section */

/* Begin PBXGroup section */
		D30621BE20F02DA800E2127D /* Path Classes */ = {
			isa = PBXGroup;
			children = (
				D330D86B20F3DCE60018ED1F /* PathEngine.swift */,
				D30621BC20F02CA400E2127D /* PathItem.swift */,
			);
			path = "Path Classes";
			sourceTree = "<group>";
		};
		D30738C620E2B5CA0054DEE6 = {
			isa = PBXGroup;
			children = (
				D30738D120E2B5CA0054DEE6 /* CapGame */,
				D30738EA20E2B63A0054DEE6 /* Classes */,
				D30738EB20E2B6460054DEE6 /* Scenes */,
				D30738F520E2B7040054DEE6 /* Assets */,
				D30738D020E2B5CA0054DEE6 /* Products */,
			);
			sourceTree = "<group>";
		};
		D30738D020E2B5CA0054DEE6 /* Products */ = {
			isa = PBXGroup;
			children = (
				D30738CF20E2B5CA0054DEE6 /* CapGame.app */,
			);
			name = Products;
			sourceTree = "<group>";
		};
		D30738D120E2B5CA0054DEE6 /* CapGame */ = {
			isa = PBXGroup;
			children = (
				D30738D220E2B5CA0054DEE6 /* AppDelegate.swift */,
				D30738D620E2B5CA0054DEE6 /* Actions.sks */,
				D30738DA20E2B5CA0054DEE6 /* GameViewController.swift */,
				D30738DC20E2B5CA0054DEE6 /* Main.storyboard */,
				D36D9E58210307C700F86C90 /* Snow.sks */,
				D30738E120E2B5CB0054DEE6 /* LaunchScreen.storyboard */,
				D30738E420E2B5CB0054DEE6 /* Info.plist */,
				D330D89620F95B810018ED1F /* ABurst.sks */,
				D330D8C620FB146D0018ED1F /* APulse.sks */,
				D36D9E502102FB4B00F86C90 /* BBurst.sks */,
				D36D9E542102FCE300F86C90 /* BPulse.sks */,
				D36D9E56210300D500F86C90 /* CPulse.sks */,
				D36D9E5A2103083A00F86C90 /* CBurst.sks */,
				D36D9E5B2103083A00F86C90 /* Assets.xcassets */,
			);
			path = CapGame;
			sourceTree = "<group>";
		};
		D30738EA20E2B63A0054DEE6 /* Classes */ = {
			isa = PBXGroup;
			children = (
				D36D9E2C210282AE00F86C90 /* Portal Class */,
				D36D9DDC210112A600F86C90 /* Bubble Class */,
				D330D93C20FEC2FF0018ED1F /* Enemy Classes */,
				D330D93920FEC2510018ED1F /* Consumable Class */,
				D330D88A20F7D69B0018ED1F /* Other */,
				D30621BE20F02DA800E2127D /* Path Classes */,
				D30738ED20E2B6660054DEE6 /* Player Class */,
				D30738EE20E2B6710054DEE6 /* Scene Classes */,
			);
			path = Classes;
			sourceTree = "<group>";
		};
		D30738EB20E2B6460054DEE6 /* Scenes */ = {
			isa = PBXGroup;
			children = (
				D30621B820EE7BEB00E2127D /* GameScene.sks */,
				D330D8CA20FD26F50018ED1F /* GameOverScene.sks */,
				D330D88E20F80D160018ED1F /* BonusScene.sks */,
				D36D9DD8210108DD00F86C90 /* IntroScene.sks */,
				D36D9E342102910C00F86C90 /* Loading.sks */,
			);
			path = Scenes;
			sourceTree = "<group>";
		};
		D30738ED20E2B6660054DEE6 /* Player Class */ = {
			isa = PBXGroup;
			children = (
				D30738EF20E2B68A0054DEE6 /* Player.swift */,
			);
			path = "Player Class";
			sourceTree = "<group>";
		};
		D30738EE20E2B6710054DEE6 /* Scene Classes */ = {
			isa = PBXGroup;
			children = (
				D30621B620EE7AC500E2127D /* GameScene.swift */,
				D330D8C820FD26D60018ED1F /* GameOverScene.swift */,
				D330D88C20F806BD0018ED1F /* BonusScene.swift */,
				D36D9DD6210108A700F86C90 /* IntroScene.swift */,
				D36D9E362102915700F86C90 /* Loading.swift */,
			);
			path = "Scene Classes";
			sourceTree = "<group>";
		};
		D30738F520E2B7040054DEE6 /* Assets */ = {
			isa = PBXGroup;
			children = (
				D36D9E6A21031A6400F86C90 /* Insects */,
				D36D9E6121030F4A00F86C90 /* Portals */,
				D36D9E6021030F4200F86C90 /* Consumables */,
				D36D9DFD21014DCA00F86C90 /* Buttons */,
				D330D93F20FEC3E90018ED1F /* Rocks */,
				D330D91420FDB0620018ED1F /* Speech */,
				D330D90620FD6AB50018ED1F /* Clouds */,
				D30738F620E2B7720054DEE6 /* Player */,
			);
			path = Assets;
			sourceTree = "<group>";
		};
		D30738F620E2B7720054DEE6 /* Player */ = {
			isa = PBXGroup;
			children = (
				D307394020E2BB470054DEE6 /* testPlayer.png */,
				D30738FC20E2B79F0054DEE6 /* dizzy */,
				D307390620E2B79F0054DEE6 /* flying */,
				D30738FF20E2B79F0054DEE6 /* game over */,
				D307391A20E2B79F0054DEE6 /* jump fall */,
				D307390D20E2B79F0054DEE6 /* jump up */,
				D30738F720E2B79F0054DEE6 /* running */,
				D307391D20E2B79F0054DEE6 /* sliding A */,
				D307391020E2B79F0054DEE6 /* sliding B */,
				D307391320E2B79F0054DEE6 /* standing */,
			);
			path = Player;
			sourceTree = "<group>";
		};
		D30738F720E2B79F0054DEE6 /* running */ = {
			isa = PBXGroup;
			children = (
				D30738F820E2B79F0054DEE6 /* running4.png */,
				D30738F920E2B79F0054DEE6 /* running1.png */,
				D30738FA20E2B79F0054DEE6 /* running2.png */,
				D30738FB20E2B79F0054DEE6 /* running3.png */,
			);
			path = running;
			sourceTree = "<group>";
		};
		D30738FC20E2B79F0054DEE6 /* dizzy */ = {
			isa = PBXGroup;
			children = (
				D30738FD20E2B79F0054DEE6 /* dizzy1.png */,
				D30738FE20E2B79F0054DEE6 /* dizzy2.png */,
			);
			path = dizzy;
			sourceTree = "<group>";
		};
		D30738FF20E2B79F0054DEE6 /* game over */ = {
			isa = PBXGroup;
			children = (
				D307390020E2B79F0054DEE6 /* gameover1.png */,
				D307390120E2B79F0054DEE6 /* gameover2.png */,
				D307390220E2B79F0054DEE6 /* gameover3.png */,
				D307390420E2B79F0054DEE6 /* gameover4.png */,
				D307390520E2B79F0054DEE6 /* gameover5.png */,
				D307390320E2B79F0054DEE6 /* gameover6.png */,
			);
			path = "game over";
			sourceTree = "<group>";
		};
		D307390620E2B79F0054DEE6 /* flying */ = {
			isa = PBXGroup;
			children = (
				D307390720E2B79F0054DEE6 /* flying6.png */,
				D307390820E2B79F0054DEE6 /* flying4.png */,
				D307390920E2B79F0054DEE6 /* flying5.png */,
				D307390A20E2B79F0054DEE6 /* flying1.png */,
				D307390B20E2B79F0054DEE6 /* flying2.png */,
				D307390C20E2B79F0054DEE6 /* flying3.png */,
			);
			path = flying;
			sourceTree = "<group>";
		};
		D307390D20E2B79F0054DEE6 /* jump up */ = {
			isa = PBXGroup;
			children = (
				D307390E20E2B79F0054DEE6 /* jumpup1.png */,
				D307390F20E2B79F0054DEE6 /* jumpup2.png */,
			);
			path = "jump up";
			sourceTree = "<group>";
		};
		D307391020E2B79F0054DEE6 /* sliding B */ = {
			isa = PBXGroup;
			children = (
				D307391120E2B79F0054DEE6 /* slideB1.png */,
				D307391220E2B79F0054DEE6 /* slideB2.png */,
			);
			path = "sliding B";
			sourceTree = "<group>";
		};
		D307391320E2B79F0054DEE6 /* standing */ = {
			isa = PBXGroup;
			children = (
				D307391420E2B79F0054DEE6 /* standing6.png */,
				D307391520E2B79F0054DEE6 /* standing4.png */,
				D307391620E2B79F0054DEE6 /* standing5.png */,
				D307391720E2B79F0054DEE6 /* standing1.png */,
				D307391820E2B79F0054DEE6 /* standing2.png */,
				D307391920E2B79F0054DEE6 /* standing3.png */,
			);
			path = standing;
			sourceTree = "<group>";
		};
		D307391A20E2B79F0054DEE6 /* jump fall */ = {
			isa = PBXGroup;
			children = (
				D307391B20E2B79F0054DEE6 /* jumpfall1.png */,
				D307391C20E2B79F0054DEE6 /* jumpfall2.png */,
			);
			path = "jump fall";
			sourceTree = "<group>";
		};
		D307391D20E2B79F0054DEE6 /* sliding A */ = {
			isa = PBXGroup;
			children = (
				D307391E20E2B79F0054DEE6 /* slideA2.png */,
				D307391F20E2B79F0054DEE6 /* slideA1.png */,
			);
			path = "sliding A";
			sourceTree = "<group>";
		};
		D330D88A20F7D69B0018ED1F /* Other */ = {
			isa = PBXGroup;
			children = (
				D330D89220F9327B0018ED1F /* Points.swift */,
				D330D88820F7D6710018ED1F /* Global.swift */,
				D330D95F20FFF4610018ED1F /* CountDown.swift */,
				D36D9DFB21013D6000F86C90 /* LabelMaker.swift */,
				D36D9E462102C32D00F86C90 /* DifficultyManager.swift */,
			);
			path = Other;
			sourceTree = "<group>";
		};
		D330D90620FD6AB50018ED1F /* Clouds */ = {
			isa = PBXGroup;
			children = (
				D36D9E7F21031C0E00F86C90 /* grayroundcloud.png */,
				D36D9E3A2102AAB300F86C90 /* longcloud.png */,
				D36D9E382102A4BA00F86C90 /* scrollcloud.png */,
				D3B6662D210000C400E88D21 /* graylongcloud.png */,
				D330D91220FDB05E0018ED1F /* roundcloud.png */,
				D330D90820FD6ABF0018ED1F /* clouds.png */,
				D330D91520FDB8750018ED1F /* bigroundcloud.png */,
			);
			path = Clouds;
			sourceTree = "<group>";
		};
		D330D91420FDB0620018ED1F /* Speech */ = {
			isa = PBXGroup;
			children = (
				D3B6663121000E7E00E88D21 /* roundspeech.png */,
				D38A22D22103ABC5006EB471 /* curvyspeech.png */,
				D36D9DDA21010B5D00F86C90 /* squarespeech.png */,
				D38A22D02103ABB6006EB471 /* speech.png */,
				D3B6663321001DD700E88D21 /* boltspeech.png */,
				D330D90720FD6ABF0018ED1F /* thought.png */,
			);
			path = Speech;
			sourceTree = "<group>";
		};
		D330D93920FEC2510018ED1F /* Consumable Class */ = {
			isa = PBXGroup;
			children = (
				D330D87320F576B30018ED1F /* Consumable.swift */,
			);
			path = "Consumable Class";
			sourceTree = "<group>";
		};
		D330D93C20FEC2FF0018ED1F /* Enemy Classes */ = {
			isa = PBXGroup;
			children = (
				D330D92C20FE68940018ED1F /* InsectEngine.swift */,
				D330D91920FE56C40018ED1F /* Insect.swift */,
				D330D93D20FEC32C0018ED1F /* Rock.swift */,
			);
			path = "Enemy Classes";
			sourceTree = "<group>";
		};
		D330D93F20FEC3E90018ED1F /* Rocks */ = {
			isa = PBXGroup;
			children = (
				D330D95320FFAE8A0018ED1F /* rock1.png */,
				D330D95220FFAE8A0018ED1F /* rock2.png */,
				D330D95420FFAE8A0018ED1F /* rock3.png */,
				D330D95120FFAE8A0018ED1F /* rocks.png */,
			);
			path = Rocks;
			sourceTree = "<group>";
		};
		D36D9DDC210112A600F86C90 /* Bubble Class */ = {
			isa = PBXGroup;
			children = (
				D36D9DDD210112B800F86C90 /* Bubble.swift */,
			);
			path = "Bubble Class";
			sourceTree = "<group>";
		};
		D36D9DFD21014DCA00F86C90 /* Buttons */ = {
			isa = PBXGroup;
			children = (
				D36D9E05210157E500F86C90 /* easybutton.png */,
				D36D9E04210157E500F86C90 /* hardbutton.png */,
				D36D9E06210157E500F86C90 /* mediumbutton.png */,
			);
			path = Buttons;
			sourceTree = "<group>";
		};
		D36D9E2C210282AE00F86C90 /* Portal Class */ = {
			isa = PBXGroup;
			children = (
				D36D9E2D210282DD00F86C90 /* Portal.swift */,
			);
			path = "Portal Class";
			sourceTree = "<group>";
		};
		D36D9E6021030F4200F86C90 /* Consumables */ = {
			isa = PBXGroup;
			children = (
				D36D9E4A2102F92A00F86C90 /* Bbonus.png */,
				D36D9E482102F92900F86C90 /* Bdrink.png */,
				D36D9E26210277A000F86C90 /* BBbonus.png */,
				D36D9E24210277A000F86C90 /* BBdrink.png */,
				D36D9E1E210271FF00F86C90 /* Abonus.png */,
				D36D9E20210271FF00F86C90 /* Adrink.png */,
				D36D9E0F2102707200F86C90 /* Cbonus.png */,
				D36D9E102102707200F86C90 /* Cdrink.png */,
			);
			path = Consumables;
			sourceTree = "<group>";
		};
		D36D9E6121030F4A00F86C90 /* Portals */ = {
			isa = PBXGroup;
			children = (
				D36D9E322102832200F86C90 /* plane.png */,
				D36D9E492102F92900F86C90 /* Bstand.png */,
				D36D9E25210277A000F86C90 /* BBstand.png */,
				D36D9E1F210271FF00F86C90 /* Astand.png */,
				D36D9E112102707200F86C90 /* Cstand.png */,
			);
			path = Portals;
			sourceTree = "<group>";
		};
		D36D9E6A21031A6400F86C90 /* Insects */ = {
			isa = PBXGroup;
			children = (
				D36D9E7E21031B6200F86C90 /* Vertical */,
				D36D9E7D21031B3D00F86C90 /* Horizontal */,
			);
			path = Insects;
			sourceTree = "<group>";
		};
		D36D9E7D21031B3D00F86C90 /* Horizontal */ = {
			isa = PBXGroup;
			children = (
				D36D9E6D21031B3800F86C90 /* 3horizontal.png */,
				D36D9E7121031B3900F86C90 /* 4horizontal.png */,
				D36D9E6E21031B3800F86C90 /* 5horizontal.png */,
				D36D9E6F21031B3800F86C90 /* 1horizontal.png */,
				D36D9E6C21031B3800F86C90 /* 2horizontal.png */,
				D36D9E7221031B3900F86C90 /* 6horizontal.png */,
			);
			path = Horizontal;
			sourceTree = "<group>";
		};
		D36D9E7E21031B6200F86C90 /* Vertical */ = {
			isa = PBXGroup;
			children = (
				D36D9E7321031B3900F86C90 /* 3vertical.png */,
				D36D9E6B21031B3800F86C90 /* 1vertical.png */,
				D36D9E7021031B3800F86C90 /* 2vertical.png */,
			);
			path = Vertical;
			sourceTree = "<group>";
		};
/* End PBXGroup section */

/* Begin PBXNativeTarget section */
		D30738CE20E2B5CA0054DEE6 /* CapGame */ = {
			isa = PBXNativeTarget;
			buildConfigurationList = D30738E720E2B5CB0054DEE6 /* Build configuration list for PBXNativeTarget "CapGame" */;
			buildPhases = (
				D30738CB20E2B5CA0054DEE6 /* Sources */,
				D30738CC20E2B5CA0054DEE6 /* Frameworks */,
				D30738CD20E2B5CA0054DEE6 /* Resources */,
			);
			buildRules = (
			);
			dependencies = (
			);
			name = CapGame;
			productName = CapGame;
			productReference = D30738CF20E2B5CA0054DEE6 /* CapGame.app */;
			productType = "com.apple.product-type.application";
		};
/* End PBXNativeTarget section */

/* Begin PBXProject section */
		D30738C720E2B5CA0054DEE6 /* Project object */ = {
			isa = PBXProject;
			attributes = {
				LastSwiftUpdateCheck = 0940;
				LastUpgradeCheck = 0940;
				ORGANIZATIONNAME = "Brandy Austin";
				TargetAttributes = {
					D30738CE20E2B5CA0054DEE6 = {
						CreatedOnToolsVersion = 9.4.1;
					};
				};
			};
			buildConfigurationList = D30738CA20E2B5CA0054DEE6 /* Build configuration list for PBXProject "CapGame" */;
			compatibilityVersion = "Xcode 9.3";
			developmentRegion = en;
			hasScannedForEncodings = 0;
			knownRegions = (
				en,
				Base,
			);
			mainGroup = D30738C620E2B5CA0054DEE6;
			productRefGroup = D30738D020E2B5CA0054DEE6 /* Products */;
			projectDirPath = "";
			projectRoot = "";
			targets = (
				D30738CE20E2B5CA0054DEE6 /* CapGame */,
			);
		};
/* End PBXProject section */

/* Begin PBXResourcesBuildPhase section */
		D30738CD20E2B5CA0054DEE6 /* Resources */ = {
			isa = PBXResourcesBuildPhase;
			buildActionMask = 2147483647;
			files = (
				D307393420E2B79F0054DEE6 /* slideB1.png in Resources */,
				D307392320E2B79F0054DEE6 /* running3.png in Resources */,
				D36D9E232102720000F86C90 /* Adrink.png in Resources */,
				D307392B20E2B79F0054DEE6 /* gameover5.png in Resources */,
				D307392420E2B79F0054DEE6 /* dizzy1.png in Resources */,
				D36D9E7521031B3900F86C90 /* 2horizontal.png in Resources */,
				D307393120E2B79F0054DEE6 /* flying3.png in Resources */,
				D36D9E7B21031B3900F86C90 /* 6horizontal.png in Resources */,
				D36D9E4D2102F92A00F86C90 /* Bbonus.png in Resources */,
				D307393B20E2B79F0054DEE6 /* standing3.png in Resources */,
				D36D9E7C21031B3900F86C90 /* 3vertical.png in Resources */,
				D330D90B20FD6ABF0018ED1F /* clouds.png in Resources */,
				D36D9E28210277A100F86C90 /* BBstand.png in Resources */,
				D330D95720FFAE8A0018ED1F /* rocks.png in Resources */,
				D36D9E29210277A100F86C90 /* BBbonus.png in Resources */,
				D30738DE20E2B5CA0054DEE6 /* Main.storyboard in Resources */,
				D307393720E2B79F0054DEE6 /* standing4.png in Resources */,
				D307393020E2B79F0054DEE6 /* flying2.png in Resources */,
				D36D9DD9210108DD00F86C90 /* IntroScene.sks in Resources */,
				D36D9E7621031B3900F86C90 /* 3horizontal.png in Resources */,
				D38A22D32103ABC5006EB471 /* curvyspeech.png in Resources */,
				D307393F20E2B79F0054DEE6 /* slideA1.png in Resources */,
				D307392520E2B79F0054DEE6 /* dizzy2.png in Resources */,
				D36D9E09210157E500F86C90 /* mediumbutton.png in Resources */,
				D36D9E8021031C0E00F86C90 /* grayroundcloud.png in Resources */,
				D307393A20E2B79F0054DEE6 /* standing2.png in Resources */,
				D36D9E4B2102F92A00F86C90 /* Bdrink.png in Resources */,
				D330D88F20F80D160018ED1F /* BonusScene.sks in Resources */,
				D330D8CB20FD26F50018ED1F /* GameOverScene.sks in Resources */,
				D307392D20E2B79F0054DEE6 /* flying4.png in Resources */,
				D36D9E512102FB4B00F86C90 /* BBurst.sks in Resources */,
				D330D95A20FFAE8A0018ED1F /* rock3.png in Resources */,
				D330D89720F95B810018ED1F /* ABurst.sks in Resources */,
				D307393620E2B79F0054DEE6 /* standing6.png in Resources */,
				D307393520E2B79F0054DEE6 /* slideB2.png in Resources */,
				D36D9E4C2102F92A00F86C90 /* Bstand.png in Resources */,
				D3B6663421001DD700E88D21 /* boltspeech.png in Resources */,
				D330D8C720FB146D0018ED1F /* APulse.sks in Resources */,
				D36D9E552102FCE300F86C90 /* BPulse.sks in Resources */,
				D36D9E1A2102707300F86C90 /* Cstand.png in Resources */,
				D38A22D12103ABB6006EB471 /* speech.png in Resources */,
				D3B6663221000E7E00E88D21 /* roundspeech.png in Resources */,
				D36D9E212102720000F86C90 /* Abonus.png in Resources */,
				D330D95920FFAE8A0018ED1F /* rock1.png in Resources */,
				D307394120E2BB480054DEE6 /* testPlayer.png in Resources */,
				D307392F20E2B79F0054DEE6 /* flying1.png in Resources */,
				D307392920E2B79F0054DEE6 /* gameover6.png in Resources */,
				D307393820E2B79F0054DEE6 /* standing5.png in Resources */,
				D36D9E7421031B3900F86C90 /* 1vertical.png in Resources */,
				D36D9E59210307C700F86C90 /* Snow.sks in Resources */,
				D307392820E2B79F0054DEE6 /* gameover3.png in Resources */,
				D36D9E57210300D500F86C90 /* CPulse.sks in Resources */,
				D36D9E7A21031B3900F86C90 /* 4horizontal.png in Resources */,
				D307392220E2B79F0054DEE6 /* running2.png in Resources */,
				D36D9E27210277A100F86C90 /* BBdrink.png in Resources */,
				D36D9E392102A4BA00F86C90 /* scrollcloud.png in Resources */,
				D36D9E182102707300F86C90 /* Cbonus.png in Resources */,
				D307393320E2B79F0054DEE6 /* jumpup2.png in Resources */,
				D330D90A20FD6ABF0018ED1F /* thought.png in Resources */,
				D307393C20E2B79F0054DEE6 /* jumpfall1.png in Resources */,
				D36D9E332102832200F86C90 /* plane.png in Resources */,
				D330D91320FDB05E0018ED1F /* roundcloud.png in Resources */,
				D30738E320E2B5CB0054DEE6 /* LaunchScreen.storyboard in Resources */,
				D307393D20E2B79F0054DEE6 /* jumpfall2.png in Resources */,
				D36D9E07210157E500F86C90 /* hardbutton.png in Resources */,
				D307392E20E2B79F0054DEE6 /* flying5.png in Resources */,
				D36D9E192102707300F86C90 /* Cdrink.png in Resources */,
				D36D9E7821031B3900F86C90 /* 1horizontal.png in Resources */,
				D307393220E2B79F0054DEE6 /* jumpup1.png in Resources */,
				D30621B920EE7BEB00E2127D /* GameScene.sks in Resources */,
				D36D9E7721031B3900F86C90 /* 5horizontal.png in Resources */,
				D36D9E5C2103083A00F86C90 /* CBurst.sks in Resources */,
				D36D9DDB21010B5D00F86C90 /* squarespeech.png in Resources */,
				D307393920E2B79F0054DEE6 /* standing1.png in Resources */,
				D36D9E222102720000F86C90 /* Astand.png in Resources */,
				D307392A20E2B79F0054DEE6 /* gameover4.png in Resources */,
				D36D9E3B2102AAB300F86C90 /* longcloud.png in Resources */,
				D330D95820FFAE8A0018ED1F /* rock2.png in Resources */,
				D36D9E352102910C00F86C90 /* Loading.sks in Resources */,
				D307392120E2B79F0054DEE6 /* running1.png in Resources */,
				D36D9E5D2103083A00F86C90 /* Assets.xcassets in Resources */,
				D330D91620FDB8750018ED1F /* bigroundcloud.png in Resources */,
				D36D9E08210157E500F86C90 /* easybutton.png in Resources */,
				D307392C20E2B79F0054DEE6 /* flying6.png in Resources */,
				D307392020E2B79F0054DEE6 /* running4.png in Resources */,
				D36D9E7921031B3900F86C90 /* 2vertical.png in Resources */,
				D30738D720E2B5CA0054DEE6 /* Actions.sks in Resources */,
				D307392620E2B79F0054DEE6 /* gameover1.png in Resources */,
				D307393E20E2B79F0054DEE6 /* slideA2.png in Resources */,
				D307392720E2B79F0054DEE6 /* gameover2.png in Resources */,
				D3B6662E210000C400E88D21 /* graylongcloud.png in Resources */,
			);
			runOnlyForDeploymentPostprocessing = 0;
		};
/* End PBXResourcesBuildPhase section */

/* Begin PBXSourcesBuildPhase section */
		D30738CB20E2B5CA0054DEE6 /* Sources */ = {
			isa = PBXSourcesBuildPhase;
			buildActionMask = 2147483647;
			files = (
				D36D9E2E210282DD00F86C90 /* Portal.swift in Sources */,
				D330D89320F9327B0018ED1F /* Points.swift in Sources */,
				D36D9E372102915700F86C90 /* Loading.swift in Sources */,
				D330D86C20F3DCE60018ED1F /* PathEngine.swift in Sources */,
				D330D88D20F806BD0018ED1F /* BonusScene.swift in Sources */,
				D330D93E20FEC32C0018ED1F /* Rock.swift in Sources */,
				D30621B720EE7AC500E2127D /* GameScene.swift in Sources */,
				D30738DB20E2B5CA0054DEE6 /* GameViewController.swift in Sources */,
				D36D9DD7210108A700F86C90 /* IntroScene.swift in Sources */,
				D36D9DDE210112B800F86C90 /* Bubble.swift in Sources */,
				D36D9E472102C32D00F86C90 /* DifficultyManager.swift in Sources */,
				D30738F020E2B68A0054DEE6 /* Player.swift in Sources */,
				D30621BD20F02CA400E2127D /* PathItem.swift in Sources */,
				D36D9DFC21013D6000F86C90 /* LabelMaker.swift in Sources */,
				D330D92D20FE68940018ED1F /* InsectEngine.swift in Sources */,
				D330D91A20FE56C40018ED1F /* Insect.swift in Sources */,
				D330D96020FFF4610018ED1F /* CountDown.swift in Sources */,
				D330D87420F576B30018ED1F /* Consumable.swift in Sources */,
				D30738D320E2B5CA0054DEE6 /* AppDelegate.swift in Sources */,
				D330D8C920FD26D60018ED1F /* GameOverScene.swift in Sources */,
				D330D88920F7D6710018ED1F /* Global.swift in Sources */,
			);
			runOnlyForDeploymentPostprocessing = 0;
		};
/* End PBXSourcesBuildPhase section */

/* Begin PBXVariantGroup section */
		D30738DC20E2B5CA0054DEE6 /* Main.storyboard */ = {
			isa = PBXVariantGroup;
			children = (
				D30738DD20E2B5CA0054DEE6 /* Base */,
			);
			name = Main.storyboard;
			sourceTree = "<group>";
		};
		D30738E120E2B5CB0054DEE6 /* LaunchScreen.storyboard */ = {
			isa = PBXVariantGroup;
			children = (
				D30738E220E2B5CB0054DEE6 /* Base */,
			);
			name = LaunchScreen.storyboard;
			sourceTree = "<group>";
		};
/* End PBXVariantGroup section */

/* Begin XCBuildConfiguration section */
		D30738E520E2B5CB0054DEE6 /* Debug */ = {
			isa = XCBuildConfiguration;
			buildSettings = {
				ALWAYS_SEARCH_USER_PATHS = NO;
				CLANG_ANALYZER_NONNULL = YES;
				CLANG_ANALYZER_NUMBER_OBJECT_CONVERSION = YES_AGGRESSIVE;
				CLANG_CXX_LANGUAGE_STANDARD = "gnu++14";
				CLANG_CXX_LIBRARY = "libc++";
				CLANG_ENABLE_MODULES = YES;
				CLANG_ENABLE_OBJC_ARC = YES;
				CLANG_ENABLE_OBJC_WEAK = YES;
				CLANG_WARN_BLOCK_CAPTURE_AUTORELEASING = YES;
				CLANG_WARN_BOOL_CONVERSION = YES;
				CLANG_WARN_COMMA = YES;
				CLANG_WARN_CONSTANT_CONVERSION = YES;
				CLANG_WARN_DEPRECATED_OBJC_IMPLEMENTATIONS = YES;
				CLANG_WARN_DIRECT_OBJC_ISA_USAGE = YES_ERROR;
				CLANG_WARN_DOCUMENTATION_COMMENTS = YES;
				CLANG_WARN_EMPTY_BODY = YES;
				CLANG_WARN_ENUM_CONVERSION = YES;
				CLANG_WARN_INFINITE_RECURSION = YES;
				CLANG_WARN_INT_CONVERSION = YES;
				CLANG_WARN_NON_LITERAL_NULL_CONVERSION = YES;
				CLANG_WARN_OBJC_IMPLICIT_RETAIN_SELF = YES;
				CLANG_WARN_OBJC_LITERAL_CONVERSION = YES;
				CLANG_WARN_OBJC_ROOT_CLASS = YES_ERROR;
				CLANG_WARN_RANGE_LOOP_ANALYSIS = YES;
				CLANG_WARN_STRICT_PROTOTYPES = YES;
				CLANG_WARN_SUSPICIOUS_MOVE = YES;
				CLANG_WARN_UNGUARDED_AVAILABILITY = YES_AGGRESSIVE;
				CLANG_WARN_UNREACHABLE_CODE = YES;
				CLANG_WARN__DUPLICATE_METHOD_MATCH = YES;
				CODE_SIGN_IDENTITY = "iPhone Developer";
				COPY_PHASE_STRIP = NO;
				DEBUG_INFORMATION_FORMAT = dwarf;
				DEVELOPMENT_TEAM = Team;
				ENABLE_STRICT_OBJC_MSGSEND = YES;
				ENABLE_TESTABILITY = YES;
				GCC_C_LANGUAGE_STANDARD = gnu11;
				GCC_DYNAMIC_NO_PIC = NO;
				GCC_NO_COMMON_BLOCKS = YES;
				GCC_OPTIMIZATION_LEVEL = 0;
				GCC_PREPROCESSOR_DEFINITIONS = (
					"DEBUG=1",
					"$(inherited)",
				);
				GCC_WARN_64_TO_32_BIT_CONVERSION = YES;
				GCC_WARN_ABOUT_RETURN_TYPE = YES_ERROR;
				GCC_WARN_UNDECLARED_SELECTOR = YES;
				GCC_WARN_UNINITIALIZED_AUTOS = YES_AGGRESSIVE;
				GCC_WARN_UNUSED_FUNCTION = YES;
				GCC_WARN_UNUSED_VARIABLE = YES;
				IPHONEOS_DEPLOYMENT_TARGET = 11.4;
				MTL_ENABLE_DEBUG_INFO = YES;
				ONLY_ACTIVE_ARCH = YES;
				SDKROOT = iphoneos;
				SWIFT_ACTIVE_COMPILATION_CONDITIONS = DEBUG;
				SWIFT_OPTIMIZATION_LEVEL = "-Onone";
			};
			name = Debug;
		};
		D30738E620E2B5CB0054DEE6 /* Release */ = {
			isa = XCBuildConfiguration;
			buildSettings = {
				ALWAYS_SEARCH_USER_PATHS = NO;
				CLANG_ANALYZER_NONNULL = YES;
				CLANG_ANALYZER_NUMBER_OBJECT_CONVERSION = YES_AGGRESSIVE;
				CLANG_CXX_LANGUAGE_STANDARD = "gnu++14";
				CLANG_CXX_LIBRARY = "libc++";
				CLANG_ENABLE_MODULES = YES;
				CLANG_ENABLE_OBJC_ARC = YES;
				CLANG_ENABLE_OBJC_WEAK = YES;
				CLANG_WARN_BLOCK_CAPTURE_AUTORELEASING = YES;
				CLANG_WARN_BOOL_CONVERSION = YES;
				CLANG_WARN_COMMA = YES;
				CLANG_WARN_CONSTANT_CONVERSION = YES;
				CLANG_WARN_DEPRECATED_OBJC_IMPLEMENTATIONS = YES;
				CLANG_WARN_DIRECT_OBJC_ISA_USAGE = YES_ERROR;
				CLANG_WARN_DOCUMENTATION_COMMENTS = YES;
				CLANG_WARN_EMPTY_BODY = YES;
				CLANG_WARN_ENUM_CONVERSION = YES;
				CLANG_WARN_INFINITE_RECURSION = YES;
				CLANG_WARN_INT_CONVERSION = YES;
				CLANG_WARN_NON_LITERAL_NULL_CONVERSION = YES;
				CLANG_WARN_OBJC_IMPLICIT_RETAIN_SELF = YES;
				CLANG_WARN_OBJC_LITERAL_CONVERSION = YES;
				CLANG_WARN_OBJC_ROOT_CLASS = YES_ERROR;
				CLANG_WARN_RANGE_LOOP_ANALYSIS = YES;
				CLANG_WARN_STRICT_PROTOTYPES = YES;
				CLANG_WARN_SUSPICIOUS_MOVE = YES;
				CLANG_WARN_UNGUARDED_AVAILABILITY = YES_AGGRESSIVE;
				CLANG_WARN_UNREACHABLE_CODE = YES;
				CLANG_WARN__DUPLICATE_METHOD_MATCH = YES;
				CODE_SIGN_IDENTITY = "iPhone Developer";
				COPY_PHASE_STRIP = NO;
				DEBUG_INFORMATION_FORMAT = "dwarf-with-dsym";
				DEVELOPMENT_TEAM = Team;
				ENABLE_NS_ASSERTIONS = NO;
				ENABLE_STRICT_OBJC_MSGSEND = YES;
				GCC_C_LANGUAGE_STANDARD = gnu11;
				GCC_NO_COMMON_BLOCKS = YES;
				GCC_WARN_64_TO_32_BIT_CONVERSION = YES;
				GCC_WARN_ABOUT_RETURN_TYPE = YES_ERROR;
				GCC_WARN_UNDECLARED_SELECTOR = YES;
				GCC_WARN_UNINITIALIZED_AUTOS = YES_AGGRESSIVE;
				GCC_WARN_UNUSED_FUNCTION = YES;
				GCC_WARN_UNUSED_VARIABLE = YES;
				IPHONEOS_DEPLOYMENT_TARGET = 11.4;
				MTL_ENABLE_DEBUG_INFO = NO;
				SDKROOT = iphoneos;
				SWIFT_COMPILATION_MODE = wholemodule;
				SWIFT_OPTIMIZATION_LEVEL = "-O";
				VALIDATE_PRODUCT = YES;
			};
			name = Release;
		};
		D30738E820E2B5CB0054DEE6 /* Debug */ = {
			isa = XCBuildConfiguration;
			buildSettings = {
				ASSETCATALOG_COMPILER_APPICON_NAME = AppIcon;
				CODE_SIGN_STYLE = Automatic;
				INFOPLIST_FILE = CapGame/Info.plist;
				LD_RUNPATH_SEARCH_PATHS = (
					"$(inherited)",
					"@executable_path/Frameworks",
				);
				PRODUCT_BUNDLE_IDENTIFIER = BrandyAustin.CapGame;
				PRODUCT_NAME = "$(TARGET_NAME)";
				SWIFT_VERSION = 4.0;
				TARGETED_DEVICE_FAMILY = "1,2";
			};
			name = Debug;
		};
		D30738E920E2B5CB0054DEE6 /* Release */ = {
			isa = XCBuildConfiguration;
			buildSettings = {
				ASSETCATALOG_COMPILER_APPICON_NAME = AppIcon;
				CODE_SIGN_STYLE = Automatic;
				INFOPLIST_FILE = CapGame/Info.plist;
				LD_RUNPATH_SEARCH_PATHS = (
					"$(inherited)",
					"@executable_path/Frameworks",
				);
				PRODUCT_BUNDLE_IDENTIFIER = BrandyAustin.CapGame;
				PRODUCT_NAME = "$(TARGET_NAME)";
				SWIFT_VERSION = 4.0;
				TARGETED_DEVICE_FAMILY = "1,2";
			};
			name = Release;
		};
/* End XCBuildConfiguration section */

/* Begin XCConfigurationList section */
		D30738CA20E2B5CA0054DEE6 /* Build configuration list for PBXProject "CapGame" */ = {
			isa = XCConfigurationList;
			buildConfigurations = (
				D30738E520E2B5CB0054DEE6 /* Debug */,
				D30738E620E2B5CB0054DEE6 /* Release */,
			);
			defaultConfigurationIsVisible = 0;
			defaultConfigurationName = Release;
		};
		D30738E720E2B5CB0054DEE6 /* Build configuration list for PBXNativeTarget "CapGame" */ = {
			isa = XCConfigurationList;
			buildConfigurations = (
				D30738E820E2B5CB0054DEE6 /* Debug */,
				D30738E920E2B5CB0054DEE6 /* Release */,
			);
			defaultConfigurationIsVisible = 0;
			defaultConfigurationName = Release;
		};
/* End XCConfigurationList section */
	};
	rootObject = D30738C720E2B5CA0054DEE6 /* Project object */;
}
