// !$*UTF8*$!
{
	archiveVersion = 1;
	classes = {
	};
	objectVersion = 50;
	objects = {

/* Begin PBXBuildFile section */
		D30621B320ED45D400E2127D /* drink.png in Resources */ = {isa = PBXBuildFile; fileRef = D30621B220ED45D300E2127D /* drink.png */; };
		D30621B520ED468B00E2127D /* stand.png in Resources */ = {isa = PBXBuildFile; fileRef = D30621B420ED468B00E2127D /* stand.png */; };
		D30621B720EE7AC500E2127D /* GameScene.swift in Sources */ = {isa = PBXBuildFile; fileRef = D30621B620EE7AC500E2127D /* GameScene.swift */; };
		D30621B920EE7BEB00E2127D /* GameScene.sks in Resources */ = {isa = PBXBuildFile; fileRef = D30621B820EE7BEB00E2127D /* GameScene.sks */; };
		D30621BD20F02CA400E2127D /* PathItem.swift in Sources */ = {isa = PBXBuildFile; fileRef = D30621BC20F02CA400E2127D /* PathItem.swift */; };
		D30738D320E2B5CA0054DEE6 /* AppDelegate.swift in Sources */ = {isa = PBXBuildFile; fileRef = D30738D220E2B5CA0054DEE6 /* AppDelegate.swift */; };
		D30738D720E2B5CA0054DEE6 /* Actions.sks in Resources */ = {isa = PBXBuildFile; fileRef = D30738D620E2B5CA0054DEE6 /* Actions.sks */; };
		D30738DB20E2B5CA0054DEE6 /* GameViewController.swift in Sources */ = {isa = PBXBuildFile; fileRef = D30738DA20E2B5CA0054DEE6 /* GameViewController.swift */; };
		D30738DE20E2B5CA0054DEE6 /* Main.storyboard in Resources */ = {isa = PBXBuildFile; fileRef = D30738DC20E2B5CA0054DEE6 /* Main.storyboard */; };
		D30738E020E2B5CB0054DEE6 /* Assets.xcassets in Resources */ = {isa = PBXBuildFile; fileRef = D30738DF20E2B5CB0054DEE6 /* Assets.xcassets */; };
		D30738E320E2B5CB0054DEE6 /* LaunchScreen.storyboard in Resources */ = {isa = PBXBuildFile; fileRef = D30738E120E2B5CB0054DEE6 /* LaunchScreen.storyboard */; };
		D30738F020E2B68A0054DEE6 /* Player.swift in Sources */ = {isa = PBXBuildFile; fileRef = D30738EF20E2B68A0054DEE6 /* Player.swift */; };
		D307392020E2B79F0054DEE6 /* running4.png in Resources */ = {isa = PBXBuildFile; fileRef = D30738F820E2B79F0054DEE6 /* running4.png */; };
		D307392120E2B79F0054DEE6 /* running1.png in Resources */ = {isa = PBXBuildFile; fileRef = D30738F920E2B79F0054DEE6 /* running1.png */; };
		D307392220E2B79F0054DEE6 /* running2.png in Resources */ = {isa = PBXBuildFile; fileRef = D30738FA20E2B79F0054DEE6 /* running2.png */; };
		D307392320E2B79F0054DEE6 /* running3.png in Resources */ = {isa = PBXBuildFile; fileRef = D30738FB20E2B79F0054DEE6 /* running3.png */; };
		D307392420E2B79F0054DEE6 /* dizzy1.png in Resources */ = {isa = PBXBuildFile; fileRef = D30738FD20E2B79F0054DEE6 /* dizzy1.png */; };
		D307392520E2B79F0054DEE6 /* dizzy2.png in Resources */ = {isa = PBXBuildFile; fileRef = D30738FE20E2B79F0054DEE6 /* dizzy2.png */; };
		D307392620E2B79F0054DEE6 /* gameover1.png in Resources */ = {isa = PBXBuildFile; fileRef = D307390020E2B79F0054DEE6 /* gameover1.png */; };
		D307392720E2B79F0054DEE6 /* gameover2.png in Resources */ = {isa = PBXBuildFile; fileRef = D307390120E2B79F0054DEE6 /* gameover2.png */; };
		D307392820E2B79F0054DEE6 /* gameover3.png in Resources */ = {isa = PBXBuildFile; fileRef = D307390220E2B79F0054DEE6 /* gameover3.png */; };
		D307392920E2B79F0054DEE6 /* gameover6.png in Resources */ = {isa = PBXBuildFile; fileRef = D307390320E2B79F0054DEE6 /* gameover6.png */; };
		D307392A20E2B79F0054DEE6 /* gameover4.png in Resources */ = {isa = PBXBuildFile; fileRef = D307390420E2B79F0054DEE6 /* gameover4.png */; };
		D307392B20E2B79F0054DEE6 /* gameover5.png in Resources */ = {isa = PBXBuildFile; fileRef = D307390520E2B79F0054DEE6 /* gameover5.png */; };
		D307392C20E2B79F0054DEE6 /* flying6.png in Resources */ = {isa = PBXBuildFile; fileRef = D307390720E2B79F0054DEE6 /* flying6.png */; };
		D307392D20E2B79F0054DEE6 /* flying4.png in Resources */ = {isa = PBXBuildFile; fileRef = D307390820E2B79F0054DEE6 /* flying4.png */; };
		D307392E20E2B79F0054DEE6 /* flying5.png in Resources */ = {isa = PBXBuildFile; fileRef = D307390920E2B79F0054DEE6 /* flying5.png */; };
		D307392F20E2B79F0054DEE6 /* flying1.png in Resources */ = {isa = PBXBuildFile; fileRef = D307390A20E2B79F0054DEE6 /* flying1.png */; };
		D307393020E2B79F0054DEE6 /* flying2.png in Resources */ = {isa = PBXBuildFile; fileRef = D307390B20E2B79F0054DEE6 /* flying2.png */; };
		D307393120E2B79F0054DEE6 /* flying3.png in Resources */ = {isa = PBXBuildFile; fileRef = D307390C20E2B79F0054DEE6 /* flying3.png */; };
		D307393220E2B79F0054DEE6 /* jumpup1.png in Resources */ = {isa = PBXBuildFile; fileRef = D307390E20E2B79F0054DEE6 /* jumpup1.png */; };
		D307393320E2B79F0054DEE6 /* jumpup2.png in Resources */ = {isa = PBXBuildFile; fileRef = D307390F20E2B79F0054DEE6 /* jumpup2.png */; };
		D307393420E2B79F0054DEE6 /* slideB1.png in Resources */ = {isa = PBXBuildFile; fileRef = D307391120E2B79F0054DEE6 /* slideB1.png */; };
		D307393520E2B79F0054DEE6 /* slideB2.png in Resources */ = {isa = PBXBuildFile; fileRef = D307391220E2B79F0054DEE6 /* slideB2.png */; };
		D307393620E2B79F0054DEE6 /* standing6.png in Resources */ = {isa = PBXBuildFile; fileRef = D307391420E2B79F0054DEE6 /* standing6.png */; };
		D307393720E2B79F0054DEE6 /* standing4.png in Resources */ = {isa = PBXBuildFile; fileRef = D307391520E2B79F0054DEE6 /* standing4.png */; };
		D307393820E2B79F0054DEE6 /* standing5.png in Resources */ = {isa = PBXBuildFile; fileRef = D307391620E2B79F0054DEE6 /* standing5.png */; };
		D307393920E2B79F0054DEE6 /* standing1.png in Resources */ = {isa = PBXBuildFile; fileRef = D307391720E2B79F0054DEE6 /* standing1.png */; };
		D307393A20E2B79F0054DEE6 /* standing2.png in Resources */ = {isa = PBXBuildFile; fileRef = D307391820E2B79F0054DEE6 /* standing2.png */; };
		D307393B20E2B79F0054DEE6 /* standing3.png in Resources */ = {isa = PBXBuildFile; fileRef = D307391920E2B79F0054DEE6 /* standing3.png */; };
		D307393C20E2B79F0054DEE6 /* jumpfall1.png in Resources */ = {isa = PBXBuildFile; fileRef = D307391B20E2B79F0054DEE6 /* jumpfall1.png */; };
		D307393D20E2B79F0054DEE6 /* jumpfall2.png in Resources */ = {isa = PBXBuildFile; fileRef = D307391C20E2B79F0054DEE6 /* jumpfall2.png */; };
		D307393E20E2B79F0054DEE6 /* slideA2.png in Resources */ = {isa = PBXBuildFile; fileRef = D307391E20E2B79F0054DEE6 /* slideA2.png */; };
		D307393F20E2B79F0054DEE6 /* slideA1.png in Resources */ = {isa = PBXBuildFile; fileRef = D307391F20E2B79F0054DEE6 /* slideA1.png */; };
		D307394120E2BB480054DEE6 /* testPlayer.png in Resources */ = {isa = PBXBuildFile; fileRef = D307394020E2BB470054DEE6 /* testPlayer.png */; };
		D330D86C20F3DCE60018ED1F /* PathEngine.swift in Sources */ = {isa = PBXBuildFile; fileRef = D330D86B20F3DCE60018ED1F /* PathEngine.swift */; };
		D330D87420F576B30018ED1F /* Object.swift in Sources */ = {isa = PBXBuildFile; fileRef = D330D87320F576B30018ED1F /* Object.swift */; };
		D330D88720F7C68E0018ED1F /* Stand.swift in Sources */ = {isa = PBXBuildFile; fileRef = D330D88620F7C68E0018ED1F /* Stand.swift */; };
		D330D88920F7D6710018ED1F /* Global.swift in Sources */ = {isa = PBXBuildFile; fileRef = D330D88820F7D6710018ED1F /* Global.swift */; };
		D330D88D20F806BD0018ED1F /* BonusScene.swift in Sources */ = {isa = PBXBuildFile; fileRef = D330D88C20F806BD0018ED1F /* BonusScene.swift */; };
		D330D88F20F80D160018ED1F /* BonusScene.sks in Resources */ = {isa = PBXBuildFile; fileRef = D330D88E20F80D160018ED1F /* BonusScene.sks */; };
		D330D89320F9327B0018ED1F /* Points.swift in Sources */ = {isa = PBXBuildFile; fileRef = D330D89220F9327B0018ED1F /* Points.swift */; };
		D330D89720F95B810018ED1F /* Drink.sks in Resources */ = {isa = PBXBuildFile; fileRef = D330D89620F95B810018ED1F /* Drink.sks */; };
		D330D8B520FB08240018ED1F /* slice.png in Resources */ = {isa = PBXBuildFile; fileRef = D330D8B120FB08240018ED1F /* slice.png */; };
		D330D8C320FB13960018ED1F /* lemon.png in Resources */ = {isa = PBXBuildFile; fileRef = D330D8C220FB13960018ED1F /* lemon.png */; };
		D330D8C720FB146D0018ED1F /* Lemon.sks in Resources */ = {isa = PBXBuildFile; fileRef = D330D8C620FB146D0018ED1F /* Lemon.sks */; };
		D330D8C920FD26D60018ED1F /* GameOverScene.swift in Sources */ = {isa = PBXBuildFile; fileRef = D330D8C820FD26D60018ED1F /* GameOverScene.swift */; };
		D330D8CB20FD26F50018ED1F /* GameOverScene.sks in Resources */ = {isa = PBXBuildFile; fileRef = D330D8CA20FD26F50018ED1F /* GameOverScene.sks */; };
		D330D90A20FD6ABF0018ED1F /* thought.png in Resources */ = {isa = PBXBuildFile; fileRef = D330D90720FD6ABF0018ED1F /* thought.png */; };
		D330D90B20FD6ABF0018ED1F /* clouds.png in Resources */ = {isa = PBXBuildFile; fileRef = D330D90820FD6ABF0018ED1F /* clouds.png */; };
		D330D90C20FD6ABF0018ED1F /* speech.png in Resources */ = {isa = PBXBuildFile; fileRef = D330D90920FD6ABF0018ED1F /* speech.png */; };
		D330D91120FDA2460018ED1F /* Speech.swift in Sources */ = {isa = PBXBuildFile; fileRef = D330D91020FDA2460018ED1F /* Speech.swift */; };
		D330D91320FDB05E0018ED1F /* roundcloud.png in Resources */ = {isa = PBXBuildFile; fileRef = D330D91220FDB05E0018ED1F /* roundcloud.png */; };
		D330D91620FDB8750018ED1F /* bigroundcloud.png in Resources */ = {isa = PBXBuildFile; fileRef = D330D91520FDB8750018ED1F /* bigroundcloud.png */; };
		D330D91A20FE56C40018ED1F /* Bee.swift in Sources */ = {isa = PBXBuildFile; fileRef = D330D91920FE56C40018ED1F /* Bee.swift */; };
		D330D92620FE5A3A0018ED1F /* leftBee.png in Resources */ = {isa = PBXBuildFile; fileRef = D330D92220FE5A390018ED1F /* leftBee.png */; };
		D330D92720FE5A3A0018ED1F /* upBee.png in Resources */ = {isa = PBXBuildFile; fileRef = D330D92320FE5A3A0018ED1F /* upBee.png */; };
		D330D92820FE5A3A0018ED1F /* hive.png in Resources */ = {isa = PBXBuildFile; fileRef = D330D92420FE5A3A0018ED1F /* hive.png */; };
		D330D92D20FE68940018ED1F /* BeeEngine.swift in Sources */ = {isa = PBXBuildFile; fileRef = D330D92C20FE68940018ED1F /* BeeEngine.swift */; };
		D330D92F20FE69C70018ED1F /* rightBee.png in Resources */ = {isa = PBXBuildFile; fileRef = D330D92E20FE69C70018ED1F /* rightBee.png */; };
		D330D93320FEAD3B0018ED1F /* pinkroundcloud.png in Resources */ = {isa = PBXBuildFile; fileRef = D330D93220FEAD3B0018ED1F /* pinkroundcloud.png */; };
		D330D93E20FEC32C0018ED1F /* Rock.swift in Sources */ = {isa = PBXBuildFile; fileRef = D330D93D20FEC32C0018ED1F /* Rock.swift */; };
		D330D95620FFAE8A0018ED1F /* rock5.png in Resources */ = {isa = PBXBuildFile; fileRef = D330D95020FFAE890018ED1F /* rock5.png */; };
		D330D95720FFAE8A0018ED1F /* rocks.png in Resources */ = {isa = PBXBuildFile; fileRef = D330D95120FFAE8A0018ED1F /* rocks.png */; };
		D330D95820FFAE8A0018ED1F /* rock2.png in Resources */ = {isa = PBXBuildFile; fileRef = D330D95220FFAE8A0018ED1F /* rock2.png */; };
		D330D95920FFAE8A0018ED1F /* rock1.png in Resources */ = {isa = PBXBuildFile; fileRef = D330D95320FFAE8A0018ED1F /* rock1.png */; };
		D330D95A20FFAE8A0018ED1F /* rock4.png in Resources */ = {isa = PBXBuildFile; fileRef = D330D95420FFAE8A0018ED1F /* rock4.png */; };
		D330D95B20FFAE8A0018ED1F /* rock3.png in Resources */ = {isa = PBXBuildFile; fileRef = D330D95520FFAE8A0018ED1F /* rock3.png */; };
		D330D95D20FFD2280018ED1F /* longcloud.png in Resources */ = {isa = PBXBuildFile; fileRef = D330D95C20FFD2280018ED1F /* longcloud.png */; };
/* End PBXBuildFile section */

/* Begin PBXFileReference section */
		D30621B220ED45D300E2127D /* drink.png */ = {isa = PBXFileReference; lastKnownFileType = image.png; path = drink.png; sourceTree = "<group>"; };
		D30621B420ED468B00E2127D /* stand.png */ = {isa = PBXFileReference; lastKnownFileType = image.png; path = stand.png; sourceTree = "<group>"; };
		D30621B620EE7AC500E2127D /* GameScene.swift */ = {isa = PBXFileReference; lastKnownFileType = sourcecode.swift; path = GameScene.swift; sourceTree = "<group>"; };
		D30621B820EE7BEB00E2127D /* GameScene.sks */ = {isa = PBXFileReference; lastKnownFileType = file.sks; path = GameScene.sks; sourceTree = "<group>"; };
		D30621BC20F02CA400E2127D /* PathItem.swift */ = {isa = PBXFileReference; lastKnownFileType = sourcecode.swift; path = PathItem.swift; sourceTree = "<group>"; };
		D30738CF20E2B5CA0054DEE6 /* CapGame.app */ = {isa = PBXFileReference; explicitFileType = wrapper.application; includeInIndex = 0; path = CapGame.app; sourceTree = BUILT_PRODUCTS_DIR; };
		D30738D220E2B5CA0054DEE6 /* AppDelegate.swift */ = {isa = PBXFileReference; lastKnownFileType = sourcecode.swift; path = AppDelegate.swift; sourceTree = "<group>"; };
		D30738D620E2B5CA0054DEE6 /* Actions.sks */ = {isa = PBXFileReference; lastKnownFileType = file.sks; path = Actions.sks; sourceTree = "<group>"; };
		D30738DA20E2B5CA0054DEE6 /* GameViewController.swift */ = {isa = PBXFileReference; lastKnownFileType = sourcecode.swift; path = GameViewController.swift; sourceTree = "<group>"; };
		D30738DD20E2B5CA0054DEE6 /* Base */ = {isa = PBXFileReference; lastKnownFileType = file.storyboard; name = Base; path = Base.lproj/Main.storyboard; sourceTree = "<group>"; };
		D30738DF20E2B5CB0054DEE6 /* Assets.xcassets */ = {isa = PBXFileReference; lastKnownFileType = folder.assetcatalog; path = Assets.xcassets; sourceTree = "<group>"; };
		D30738E220E2B5CB0054DEE6 /* Base */ = {isa = PBXFileReference; lastKnownFileType = file.storyboard; name = Base; path = Base.lproj/LaunchScreen.storyboard; sourceTree = "<group>"; };
		D30738E420E2B5CB0054DEE6 /* Info.plist */ = {isa = PBXFileReference; lastKnownFileType = text.plist.xml; path = Info.plist; sourceTree = "<group>"; };
		D30738EF20E2B68A0054DEE6 /* Player.swift */ = {isa = PBXFileReference; lastKnownFileType = sourcecode.swift; path = Player.swift; sourceTree = "<group>"; };
		D30738F820E2B79F0054DEE6 /* running4.png */ = {isa = PBXFileReference; lastKnownFileType = image.png; path = running4.png; sourceTree = "<group>"; };
		D30738F920E2B79F0054DEE6 /* running1.png */ = {isa = PBXFileReference; lastKnownFileType = image.png; path = running1.png; sourceTree = "<group>"; };
		D30738FA20E2B79F0054DEE6 /* running2.png */ = {isa = PBXFileReference; lastKnownFileType = image.png; path = running2.png; sourceTree = "<group>"; };
		D30738FB20E2B79F0054DEE6 /* running3.png */ = {isa = PBXFileReference; lastKnownFileType = image.png; path = running3.png; sourceTree = "<group>"; };
		D30738FD20E2B79F0054DEE6 /* dizzy1.png */ = {isa = PBXFileReference; lastKnownFileType = image.png; path = dizzy1.png; sourceTree = "<group>"; };
		D30738FE20E2B79F0054DEE6 /* dizzy2.png */ = {isa = PBXFileReference; lastKnownFileType = image.png; path = dizzy2.png; sourceTree = "<group>"; };
		D307390020E2B79F0054DEE6 /* gameover1.png */ = {isa = PBXFileReference; lastKnownFileType = image.png; path = gameover1.png; sourceTree = "<group>"; };
		D307390120E2B79F0054DEE6 /* gameover2.png */ = {isa = PBXFileReference; lastKnownFileType = image.png; path = gameover2.png; sourceTree = "<group>"; };
		D307390220E2B79F0054DEE6 /* gameover3.png */ = {isa = PBXFileReference; lastKnownFileType = image.png; path = gameover3.png; sourceTree = "<group>"; };
		D307390320E2B79F0054DEE6 /* gameover6.png */ = {isa = PBXFileReference; lastKnownFileType = image.png; path = gameover6.png; sourceTree = "<group>"; };
		D307390420E2B79F0054DEE6 /* gameover4.png */ = {isa = PBXFileReference; lastKnownFileType = image.png; path = gameover4.png; sourceTree = "<group>"; };
		D307390520E2B79F0054DEE6 /* gameover5.png */ = {isa = PBXFileReference; lastKnownFileType = image.png; path = gameover5.png; sourceTree = "<group>"; };
		D307390720E2B79F0054DEE6 /* flying6.png */ = {isa = PBXFileReference; lastKnownFileType = image.png; path = flying6.png; sourceTree = "<group>"; };
		D307390820E2B79F0054DEE6 /* flying4.png */ = {isa = PBXFileReference; lastKnownFileType = image.png; path = flying4.png; sourceTree = "<group>"; };
		D307390920E2B79F0054DEE6 /* flying5.png */ = {isa = PBXFileReference; lastKnownFileType = image.png; path = flying5.png; sourceTree = "<group>"; };
		D307390A20E2B79F0054DEE6 /* flying1.png */ = {isa = PBXFileReference; lastKnownFileType = image.png; path = flying1.png; sourceTree = "<group>"; };
		D307390B20E2B79F0054DEE6 /* flying2.png */ = {isa = PBXFileReference; lastKnownFileType = image.png; path = flying2.png; sourceTree = "<group>"; };
		D307390C20E2B79F0054DEE6 /* flying3.png */ = {isa = PBXFileReference; lastKnownFileType = image.png; path = flying3.png; sourceTree = "<group>"; };
		D307390E20E2B79F0054DEE6 /* jumpup1.png */ = {isa = PBXFileReference; lastKnownFileType = image.png; path = jumpup1.png; sourceTree = "<group>"; };
		D307390F20E2B79F0054DEE6 /* jumpup2.png */ = {isa = PBXFileReference; lastKnownFileType = image.png; path = jumpup2.png; sourceTree = "<group>"; };
		D307391120E2B79F0054DEE6 /* slideB1.png */ = {isa = PBXFileReference; lastKnownFileType = image.png; path = slideB1.png; sourceTree = "<group>"; };
		D307391220E2B79F0054DEE6 /* slideB2.png */ = {isa = PBXFileReference; lastKnownFileType = image.png; path = slideB2.png; sourceTree = "<group>"; };
		D307391420E2B79F0054DEE6 /* standing6.png */ = {isa = PBXFileReference; lastKnownFileType = image.png; path = standing6.png; sourceTree = "<group>"; };
		D307391520E2B79F0054DEE6 /* standing4.png */ = {isa = PBXFileReference; lastKnownFileType = image.png; path = standing4.png; sourceTree = "<group>"; };
		D307391620E2B79F0054DEE6 /* standing5.png */ = {isa = PBXFileReference; lastKnownFileType = image.png; path = standing5.png; sourceTree = "<group>"; };
		D307391720E2B79F0054DEE6 /* standing1.png */ = {isa = PBXFileReference; lastKnownFileType = image.png; path = standing1.png; sourceTree = "<group>"; };
		D307391820E2B79F0054DEE6 /* standing2.png */ = {isa = PBXFileReference; lastKnownFileType = image.png; path = standing2.png; sourceTree = "<group>"; };
		D307391920E2B79F0054DEE6 /* standing3.png */ = {isa = PBXFileReference; lastKnownFileType = image.png; path = standing3.png; sourceTree = "<group>"; };
		D307391B20E2B79F0054DEE6 /* jumpfall1.png */ = {isa = PBXFileReference; lastKnownFileType = image.png; path = jumpfall1.png; sourceTree = "<group>"; };
		D307391C20E2B79F0054DEE6 /* jumpfall2.png */ = {isa = PBXFileReference; lastKnownFileType = image.png; path = jumpfall2.png; sourceTree = "<group>"; };
		D307391E20E2B79F0054DEE6 /* slideA2.png */ = {isa = PBXFileReference; lastKnownFileType = image.png; path = slideA2.png; sourceTree = "<group>"; };
		D307391F20E2B79F0054DEE6 /* slideA1.png */ = {isa = PBXFileReference; lastKnownFileType = image.png; path = slideA1.png; sourceTree = "<group>"; };
		D307394020E2BB470054DEE6 /* testPlayer.png */ = {isa = PBXFileReference; lastKnownFileType = image.png; path = testPlayer.png; sourceTree = "<group>"; };
		D330D86B20F3DCE60018ED1F /* PathEngine.swift */ = {isa = PBXFileReference; lastKnownFileType = sourcecode.swift; path = PathEngine.swift; sourceTree = "<group>"; };
		D330D87320F576B30018ED1F /* Object.swift */ = {isa = PBXFileReference; lastKnownFileType = sourcecode.swift; path = Object.swift; sourceTree = "<group>"; };
		D330D88620F7C68E0018ED1F /* Stand.swift */ = {isa = PBXFileReference; lastKnownFileType = sourcecode.swift; path = Stand.swift; sourceTree = "<group>"; };
		D330D88820F7D6710018ED1F /* Global.swift */ = {isa = PBXFileReference; lastKnownFileType = sourcecode.swift; path = Global.swift; sourceTree = "<group>"; };
		D330D88C20F806BD0018ED1F /* BonusScene.swift */ = {isa = PBXFileReference; lastKnownFileType = sourcecode.swift; path = BonusScene.swift; sourceTree = "<group>"; };
		D330D88E20F80D160018ED1F /* BonusScene.sks */ = {isa = PBXFileReference; lastKnownFileType = file.sks; path = BonusScene.sks; sourceTree = "<group>"; };
		D330D89220F9327B0018ED1F /* Points.swift */ = {isa = PBXFileReference; lastKnownFileType = sourcecode.swift; path = Points.swift; sourceTree = "<group>"; };
		D330D89620F95B810018ED1F /* Drink.sks */ = {isa = PBXFileReference; lastKnownFileType = file.sks; path = Drink.sks; sourceTree = "<group>"; };
		D330D8B120FB08240018ED1F /* slice.png */ = {isa = PBXFileReference; lastKnownFileType = image.png; path = slice.png; sourceTree = "<group>"; };
		D330D8C220FB13960018ED1F /* lemon.png */ = {isa = PBXFileReference; lastKnownFileType = image.png; path = lemon.png; sourceTree = "<group>"; };
		D330D8C620FB146D0018ED1F /* Lemon.sks */ = {isa = PBXFileReference; lastKnownFileType = file.sks; path = Lemon.sks; sourceTree = "<group>"; };
		D330D8C820FD26D60018ED1F /* GameOverScene.swift */ = {isa = PBXFileReference; lastKnownFileType = sourcecode.swift; path = GameOverScene.swift; sourceTree = "<group>"; };
		D330D8CA20FD26F50018ED1F /* GameOverScene.sks */ = {isa = PBXFileReference; lastKnownFileType = file.sks; path = GameOverScene.sks; sourceTree = "<group>"; };
		D330D90720FD6ABF0018ED1F /* thought.png */ = {isa = PBXFileReference; lastKnownFileType = image.png; path = thought.png; sourceTree = "<group>"; };
		D330D90820FD6ABF0018ED1F /* clouds.png */ = {isa = PBXFileReference; lastKnownFileType = image.png; path = clouds.png; sourceTree = "<group>"; };
		D330D90920FD6ABF0018ED1F /* speech.png */ = {isa = PBXFileReference; lastKnownFileType = image.png; path = speech.png; sourceTree = "<group>"; };
		D330D91020FDA2460018ED1F /* Speech.swift */ = {isa = PBXFileReference; lastKnownFileType = sourcecode.swift; path = Speech.swift; sourceTree = "<group>"; };
		D330D91220FDB05E0018ED1F /* roundcloud.png */ = {isa = PBXFileReference; lastKnownFileType = image.png; path = roundcloud.png; sourceTree = "<group>"; };
		D330D91520FDB8750018ED1F /* bigroundcloud.png */ = {isa = PBXFileReference; lastKnownFileType = image.png; path = bigroundcloud.png; sourceTree = "<group>"; };
		D330D91920FE56C40018ED1F /* Bee.swift */ = {isa = PBXFileReference; lastKnownFileType = sourcecode.swift; path = Bee.swift; sourceTree = "<group>"; };
		D330D92220FE5A390018ED1F /* leftBee.png */ = {isa = PBXFileReference; lastKnownFileType = image.png; path = leftBee.png; sourceTree = "<group>"; };
		D330D92320FE5A3A0018ED1F /* upBee.png */ = {isa = PBXFileReference; lastKnownFileType = image.png; path = upBee.png; sourceTree = "<group>"; };
		D330D92420FE5A3A0018ED1F /* hive.png */ = {isa = PBXFileReference; lastKnownFileType = image.png; path = hive.png; sourceTree = "<group>"; };
		D330D92C20FE68940018ED1F /* BeeEngine.swift */ = {isa = PBXFileReference; lastKnownFileType = sourcecode.swift; path = BeeEngine.swift; sourceTree = "<group>"; };
		D330D92E20FE69C70018ED1F /* rightBee.png */ = {isa = PBXFileReference; lastKnownFileType = image.png; path = rightBee.png; sourceTree = "<group>"; };
		D330D93220FEAD3B0018ED1F /* pinkroundcloud.png */ = {isa = PBXFileReference; lastKnownFileType = image.png; path = pinkroundcloud.png; sourceTree = "<group>"; };
		D330D93D20FEC32C0018ED1F /* Rock.swift */ = {isa = PBXFileReference; lastKnownFileType = sourcecode.swift; path = Rock.swift; sourceTree = "<group>"; };
		D330D95020FFAE890018ED1F /* rock5.png */ = {isa = PBXFileReference; lastKnownFileType = image.png; path = rock5.png; sourceTree = "<group>"; };
		D330D95120FFAE8A0018ED1F /* rocks.png */ = {isa = PBXFileReference; lastKnownFileType = image.png; path = rocks.png; sourceTree = "<group>"; };
		D330D95220FFAE8A0018ED1F /* rock2.png */ = {isa = PBXFileReference; lastKnownFileType = image.png; path = rock2.png; sourceTree = "<group>"; };
		D330D95320FFAE8A0018ED1F /* rock1.png */ = {isa = PBXFileReference; lastKnownFileType = image.png; path = rock1.png; sourceTree = "<group>"; };
		D330D95420FFAE8A0018ED1F /* rock4.png */ = {isa = PBXFileReference; lastKnownFileType = image.png; path = rock4.png; sourceTree = "<group>"; };
		D330D95520FFAE8A0018ED1F /* rock3.png */ = {isa = PBXFileReference; lastKnownFileType = image.png; path = rock3.png; sourceTree = "<group>"; };
		D330D95C20FFD2280018ED1F /* longcloud.png */ = {isa = PBXFileReference; lastKnownFileType = image.png; path = longcloud.png; sourceTree = "<group>"; };
/* End PBXFileReference section */

/* Begin PBXFrameworksBuildPhase section */
		D30738CC20E2B5CA0054DEE6 /* Frameworks */ = {
			isa = PBXFrameworksBuildPhase;
			buildActionMask = 2147483647;
			files = (
			);
			runOnlyForDeploymentPostprocessing = 0;
		};
/* End PBXFrameworksBuildPhase section */

/* Begin PBXGroup section */
		D30621BE20F02DA800E2127D /* Path Classes */ = {
			isa = PBXGroup;
			children = (
				D330D86B20F3DCE60018ED1F /* PathEngine.swift */,
				D30621BC20F02CA400E2127D /* PathItem.swift */,
			);
			path = "Path Classes";
			sourceTree = "<group>";
		};
		D30738C620E2B5CA0054DEE6 = {
			isa = PBXGroup;
			children = (
				D30738D120E2B5CA0054DEE6 /* CapGame */,
				D30738EA20E2B63A0054DEE6 /* Classes */,
				D30738EB20E2B6460054DEE6 /* Scenes */,
				D30738F520E2B7040054DEE6 /* Assets */,
				D30738D020E2B5CA0054DEE6 /* Products */,
			);
			sourceTree = "<group>";
		};
		D30738D020E2B5CA0054DEE6 /* Products */ = {
			isa = PBXGroup;
			children = (
				D30738CF20E2B5CA0054DEE6 /* CapGame.app */,
			);
			name = Products;
			sourceTree = "<group>";
		};
		D30738D120E2B5CA0054DEE6 /* CapGame */ = {
			isa = PBXGroup;
			children = (
				D30738D220E2B5CA0054DEE6 /* AppDelegate.swift */,
				D30738D620E2B5CA0054DEE6 /* Actions.sks */,
				D30738DA20E2B5CA0054DEE6 /* GameViewController.swift */,
				D30738DC20E2B5CA0054DEE6 /* Main.storyboard */,
				D30738DF20E2B5CB0054DEE6 /* Assets.xcassets */,
				D30738E120E2B5CB0054DEE6 /* LaunchScreen.storyboard */,
				D30738E420E2B5CB0054DEE6 /* Info.plist */,
				D330D89620F95B810018ED1F /* Drink.sks */,
				D330D8C620FB146D0018ED1F /* Lemon.sks */,
			);
			path = CapGame;
			sourceTree = "<group>";
		};
		D30738EA20E2B63A0054DEE6 /* Classes */ = {
			isa = PBXGroup;
			children = (
				D330D93C20FEC2FF0018ED1F /* Enemy Classes */,
				D330D93920FEC2510018ED1F /* Lemonade Classes */,
				D330D90F20FDA2220018ED1F /* Speech Classes */,
				D330D88A20F7D69B0018ED1F /* Other */,
				D30621BE20F02DA800E2127D /* Path Classes */,
				D30738ED20E2B6660054DEE6 /* Player Class */,
				D30738EE20E2B6710054DEE6 /* Scene Classes */,
			);
			path = Classes;
			sourceTree = "<group>";
		};
		D30738EB20E2B6460054DEE6 /* Scenes */ = {
			isa = PBXGroup;
			children = (
				D30621B820EE7BEB00E2127D /* GameScene.sks */,
				D330D8CA20FD26F50018ED1F /* GameOverScene.sks */,
				D330D88E20F80D160018ED1F /* BonusScene.sks */,
			);
			path = Scenes;
			sourceTree = "<group>";
		};
		D30738ED20E2B6660054DEE6 /* Player Class */ = {
			isa = PBXGroup;
			children = (
				D30738EF20E2B68A0054DEE6 /* Player.swift */,
			);
			path = "Player Class";
			sourceTree = "<group>";
		};
		D30738EE20E2B6710054DEE6 /* Scene Classes */ = {
			isa = PBXGroup;
			children = (
				D30621B620EE7AC500E2127D /* GameScene.swift */,
				D330D8C820FD26D60018ED1F /* GameOverScene.swift */,
				D330D88C20F806BD0018ED1F /* BonusScene.swift */,
			);
			path = "Scene Classes";
			sourceTree = "<group>";
		};
		D30738F520E2B7040054DEE6 /* Assets */ = {
			isa = PBXGroup;
			children = (
				D330D93F20FEC3E90018ED1F /* Rocks */,
				D330D91B20FE58190018ED1F /* Bee */,
				D330D91420FDB0620018ED1F /* Speech */,
				D330D90620FD6AB50018ED1F /* Clouds */,
				D38C399320ED3A3500E60032 /* Lemonade */,
				D30738F620E2B7720054DEE6 /* Player */,
			);
			path = Assets;
			sourceTree = "<group>";
		};
		D30738F620E2B7720054DEE6 /* Player */ = {
			isa = PBXGroup;
			children = (
				D307394020E2BB470054DEE6 /* testPlayer.png */,
				D30738FC20E2B79F0054DEE6 /* dizzy */,
				D307390620E2B79F0054DEE6 /* flying */,
				D30738FF20E2B79F0054DEE6 /* game over */,
				D307391A20E2B79F0054DEE6 /* jump fall */,
				D307390D20E2B79F0054DEE6 /* jump up */,
				D30738F720E2B79F0054DEE6 /* running */,
				D307391D20E2B79F0054DEE6 /* sliding A */,
				D307391020E2B79F0054DEE6 /* sliding B */,
				D307391320E2B79F0054DEE6 /* standing */,
			);
			path = Player;
			sourceTree = "<group>";
		};
		D30738F720E2B79F0054DEE6 /* running */ = {
			isa = PBXGroup;
			children = (
				D30738F820E2B79F0054DEE6 /* running4.png */,
				D30738F920E2B79F0054DEE6 /* running1.png */,
				D30738FA20E2B79F0054DEE6 /* running2.png */,
				D30738FB20E2B79F0054DEE6 /* running3.png */,
			);
			path = running;
			sourceTree = "<group>";
		};
		D30738FC20E2B79F0054DEE6 /* dizzy */ = {
			isa = PBXGroup;
			children = (
				D30738FD20E2B79F0054DEE6 /* dizzy1.png */,
				D30738FE20E2B79F0054DEE6 /* dizzy2.png */,
			);
			path = dizzy;
			sourceTree = "<group>";
		};
		D30738FF20E2B79F0054DEE6 /* game over */ = {
			isa = PBXGroup;
			children = (
				D307390020E2B79F0054DEE6 /* gameover1.png */,
				D307390120E2B79F0054DEE6 /* gameover2.png */,
				D307390220E2B79F0054DEE6 /* gameover3.png */,
				D307390420E2B79F0054DEE6 /* gameover4.png */,
				D307390520E2B79F0054DEE6 /* gameover5.png */,
				D307390320E2B79F0054DEE6 /* gameover6.png */,
			);
			path = "game over";
			sourceTree = "<group>";
		};
		D307390620E2B79F0054DEE6 /* flying */ = {
			isa = PBXGroup;
			children = (
				D307390720E2B79F0054DEE6 /* flying6.png */,
				D307390820E2B79F0054DEE6 /* flying4.png */,
				D307390920E2B79F0054DEE6 /* flying5.png */,
				D307390A20E2B79F0054DEE6 /* flying1.png */,
				D307390B20E2B79F0054DEE6 /* flying2.png */,
				D307390C20E2B79F0054DEE6 /* flying3.png */,
			);
			path = flying;
			sourceTree = "<group>";
		};
		D307390D20E2B79F0054DEE6 /* jump up */ = {
			isa = PBXGroup;
			children = (
				D307390E20E2B79F0054DEE6 /* jumpup1.png */,
				D307390F20E2B79F0054DEE6 /* jumpup2.png */,
			);
			path = "jump up";
			sourceTree = "<group>";
		};
		D307391020E2B79F0054DEE6 /* sliding B */ = {
			isa = PBXGroup;
			children = (
				D307391120E2B79F0054DEE6 /* slideB1.png */,
				D307391220E2B79F0054DEE6 /* slideB2.png */,
			);
			path = "sliding B";
			sourceTree = "<group>";
		};
		D307391320E2B79F0054DEE6 /* standing */ = {
			isa = PBXGroup;
			children = (
				D307391420E2B79F0054DEE6 /* standing6.png */,
				D307391520E2B79F0054DEE6 /* standing4.png */,
				D307391620E2B79F0054DEE6 /* standing5.png */,
				D307391720E2B79F0054DEE6 /* standing1.png */,
				D307391820E2B79F0054DEE6 /* standing2.png */,
				D307391920E2B79F0054DEE6 /* standing3.png */,
			);
			path = standing;
			sourceTree = "<group>";
		};
		D307391A20E2B79F0054DEE6 /* jump fall */ = {
			isa = PBXGroup;
			children = (
				D307391B20E2B79F0054DEE6 /* jumpfall1.png */,
				D307391C20E2B79F0054DEE6 /* jumpfall2.png */,
			);
			path = "jump fall";
			sourceTree = "<group>";
		};
		D307391D20E2B79F0054DEE6 /* sliding A */ = {
			isa = PBXGroup;
			children = (
				D307391E20E2B79F0054DEE6 /* slideA2.png */,
				D307391F20E2B79F0054DEE6 /* slideA1.png */,
			);
			path = "sliding A";
			sourceTree = "<group>";
		};
		D330D88A20F7D69B0018ED1F /* Other */ = {
			isa = PBXGroup;
			children = (
				D330D89220F9327B0018ED1F /* Points.swift */,
				D330D88820F7D6710018ED1F /* Global.swift */,
			);
			path = Other;
			sourceTree = "<group>";
		};
		D330D90620FD6AB50018ED1F /* Clouds */ = {
			isa = PBXGroup;
			children = (
				D330D93220FEAD3B0018ED1F /* pinkroundcloud.png */,
				D330D95C20FFD2280018ED1F /* longcloud.png */,
				D330D91220FDB05E0018ED1F /* roundcloud.png */,
				D330D90820FD6ABF0018ED1F /* clouds.png */,
				D330D91520FDB8750018ED1F /* bigroundcloud.png */,
			);
			path = Clouds;
			sourceTree = "<group>";
		};
		D330D90F20FDA2220018ED1F /* Speech Classes */ = {
			isa = PBXGroup;
			children = (
				D330D91020FDA2460018ED1F /* Speech.swift */,
			);
			path = "Speech Classes";
			sourceTree = "<group>";
		};
		D330D91420FDB0620018ED1F /* Speech */ = {
			isa = PBXGroup;
			children = (
				D330D90920FD6ABF0018ED1F /* speech.png */,
				D330D90720FD6ABF0018ED1F /* thought.png */,
			);
			path = Speech;
			sourceTree = "<group>";
		};
		D330D91B20FE58190018ED1F /* Bee */ = {
			isa = PBXGroup;
			children = (
				D330D92420FE5A3A0018ED1F /* hive.png */,
				D330D92E20FE69C70018ED1F /* rightBee.png */,
				D330D92220FE5A390018ED1F /* leftBee.png */,
				D330D92320FE5A3A0018ED1F /* upBee.png */,
			);
			path = Bee;
			sourceTree = "<group>";
		};
		D330D93920FEC2510018ED1F /* Lemonade Classes */ = {
			isa = PBXGroup;
			children = (
				D330D87320F576B30018ED1F /* Object.swift */,
				D330D88620F7C68E0018ED1F /* Stand.swift */,
			);
			path = "Lemonade Classes";
			sourceTree = "<group>";
		};
		D330D93C20FEC2FF0018ED1F /* Enemy Classes */ = {
			isa = PBXGroup;
			children = (
				D330D92C20FE68940018ED1F /* BeeEngine.swift */,
				D330D91920FE56C40018ED1F /* Bee.swift */,
				D330D93D20FEC32C0018ED1F /* Rock.swift */,
			);
			path = "Enemy Classes";
			sourceTree = "<group>";
		};
		D330D93F20FEC3E90018ED1F /* Rocks */ = {
			isa = PBXGroup;
			children = (
				D330D95320FFAE8A0018ED1F /* rock1.png */,
				D330D95220FFAE8A0018ED1F /* rock2.png */,
				D330D95520FFAE8A0018ED1F /* rock3.png */,
				D330D95420FFAE8A0018ED1F /* rock4.png */,
				D330D95020FFAE890018ED1F /* rock5.png */,
				D330D95120FFAE8A0018ED1F /* rocks.png */,
			);
			path = Rocks;
			sourceTree = "<group>";
		};
		D38C399320ED3A3500E60032 /* Lemonade */ = {
			isa = PBXGroup;
			children = (
				D330D8C220FB13960018ED1F /* lemon.png */,
				D330D8B120FB08240018ED1F /* slice.png */,
				D30621B220ED45D300E2127D /* drink.png */,
				D30621B420ED468B00E2127D /* stand.png */,
			);
			path = Lemonade;
			sourceTree = "<group>";
		};
/* End PBXGroup section */

/* Begin PBXNativeTarget section */
		D30738CE20E2B5CA0054DEE6 /* CapGame */ = {
			isa = PBXNativeTarget;
			buildConfigurationList = D30738E720E2B5CB0054DEE6 /* Build configuration list for PBXNativeTarget "CapGame" */;
			buildPhases = (
				D30738CB20E2B5CA0054DEE6 /* Sources */,
				D30738CC20E2B5CA0054DEE6 /* Frameworks */,
				D30738CD20E2B5CA0054DEE6 /* Resources */,
			);
			buildRules = (
			);
			dependencies = (
			);
			name = CapGame;
			productName = CapGame;
			productReference = D30738CF20E2B5CA0054DEE6 /* CapGame.app */;
			productType = "com.apple.product-type.application";
		};
/* End PBXNativeTarget section */

/* Begin PBXProject section */
		D30738C720E2B5CA0054DEE6 /* Project object */ = {
			isa = PBXProject;
			attributes = {
				LastSwiftUpdateCheck = 0940;
				LastUpgradeCheck = 0940;
				ORGANIZATIONNAME = "Brandy Austin";
				TargetAttributes = {
					D30738CE20E2B5CA0054DEE6 = {
						CreatedOnToolsVersion = 9.4.1;
					};
				};
			};
			buildConfigurationList = D30738CA20E2B5CA0054DEE6 /* Build configuration list for PBXProject "CapGame" */;
			compatibilityVersion = "Xcode 9.3";
			developmentRegion = en;
			hasScannedForEncodings = 0;
			knownRegions = (
				en,
				Base,
			);
			mainGroup = D30738C620E2B5CA0054DEE6;
			productRefGroup = D30738D020E2B5CA0054DEE6 /* Products */;
			projectDirPath = "";
			projectRoot = "";
			targets = (
				D30738CE20E2B5CA0054DEE6 /* CapGame */,
			);
		};
/* End PBXProject section */

/* Begin PBXResourcesBuildPhase section */
		D30738CD20E2B5CA0054DEE6 /* Resources */ = {
			isa = PBXResourcesBuildPhase;
			buildActionMask = 2147483647;
			files = (
				D307393420E2B79F0054DEE6 /* slideB1.png in Resources */,
				D330D8B520FB08240018ED1F /* slice.png in Resources */,
				D307392320E2B79F0054DEE6 /* running3.png in Resources */,
				D307392B20E2B79F0054DEE6 /* gameover5.png in Resources */,
				D307392420E2B79F0054DEE6 /* dizzy1.png in Resources */,
				D307393120E2B79F0054DEE6 /* flying3.png in Resources */,
				D307393B20E2B79F0054DEE6 /* standing3.png in Resources */,
				D330D90B20FD6ABF0018ED1F /* clouds.png in Resources */,
				D330D95720FFAE8A0018ED1F /* rocks.png in Resources */,
				D30738DE20E2B5CA0054DEE6 /* Main.storyboard in Resources */,
				D330D95620FFAE8A0018ED1F /* rock5.png in Resources */,
				D307393720E2B79F0054DEE6 /* standing4.png in Resources */,
				D307393020E2B79F0054DEE6 /* flying2.png in Resources */,
				D307393F20E2B79F0054DEE6 /* slideA1.png in Resources */,
				D307392520E2B79F0054DEE6 /* dizzy2.png in Resources */,
				D330D92620FE5A3A0018ED1F /* leftBee.png in Resources */,
				D307393A20E2B79F0054DEE6 /* standing2.png in Resources */,
				D330D88F20F80D160018ED1F /* BonusScene.sks in Resources */,
				D330D8CB20FD26F50018ED1F /* GameOverScene.sks in Resources */,
				D307392D20E2B79F0054DEE6 /* flying4.png in Resources */,
				D330D95A20FFAE8A0018ED1F /* rock4.png in Resources */,
				D330D89720F95B810018ED1F /* Drink.sks in Resources */,
				D307393620E2B79F0054DEE6 /* standing6.png in Resources */,
				D307393520E2B79F0054DEE6 /* slideB2.png in Resources */,
				D330D95B20FFAE8A0018ED1F /* rock3.png in Resources */,
				D330D8C720FB146D0018ED1F /* Lemon.sks in Resources */,
				D330D95920FFAE8A0018ED1F /* rock1.png in Resources */,
				D307394120E2BB480054DEE6 /* testPlayer.png in Resources */,
				D307392F20E2B79F0054DEE6 /* flying1.png in Resources */,
				D307392920E2B79F0054DEE6 /* gameover6.png in Resources */,
				D307393820E2B79F0054DEE6 /* standing5.png in Resources */,
				D30621B520ED468B00E2127D /* stand.png in Resources */,
				D307392820E2B79F0054DEE6 /* gameover3.png in Resources */,
				D330D92720FE5A3A0018ED1F /* upBee.png in Resources */,
				D330D92820FE5A3A0018ED1F /* hive.png in Resources */,
				D307392220E2B79F0054DEE6 /* running2.png in Resources */,
				D307393320E2B79F0054DEE6 /* jumpup2.png in Resources */,
				D30738E020E2B5CB0054DEE6 /* Assets.xcassets in Resources */,
				D330D90A20FD6ABF0018ED1F /* thought.png in Resources */,
				D307393C20E2B79F0054DEE6 /* jumpfall1.png in Resources */,
				D330D91320FDB05E0018ED1F /* roundcloud.png in Resources */,
				D30738E320E2B5CB0054DEE6 /* LaunchScreen.storyboard in Resources */,
				D330D95D20FFD2280018ED1F /* longcloud.png in Resources */,
				D307393D20E2B79F0054DEE6 /* jumpfall2.png in Resources */,
				D330D93320FEAD3B0018ED1F /* pinkroundcloud.png in Resources */,
				D30621B320ED45D400E2127D /* drink.png in Resources */,
				D307392E20E2B79F0054DEE6 /* flying5.png in Resources */,
				D307393220E2B79F0054DEE6 /* jumpup1.png in Resources */,
				D30621B920EE7BEB00E2127D /* GameScene.sks in Resources */,
				D307393920E2B79F0054DEE6 /* standing1.png in Resources */,
				D330D92F20FE69C70018ED1F /* rightBee.png in Resources */,
				D307392A20E2B79F0054DEE6 /* gameover4.png in Resources */,
				D330D95820FFAE8A0018ED1F /* rock2.png in Resources */,
				D307392120E2B79F0054DEE6 /* running1.png in Resources */,
				D330D91620FDB8750018ED1F /* bigroundcloud.png in Resources */,
				D330D90C20FD6ABF0018ED1F /* speech.png in Resources */,
				D307392C20E2B79F0054DEE6 /* flying6.png in Resources */,
				D307392020E2B79F0054DEE6 /* running4.png in Resources */,
				D30738D720E2B5CA0054DEE6 /* Actions.sks in Resources */,
				D307392620E2B79F0054DEE6 /* gameover1.png in Resources */,
				D307393E20E2B79F0054DEE6 /* slideA2.png in Resources */,
				D307392720E2B79F0054DEE6 /* gameover2.png in Resources */,
				D330D8C320FB13960018ED1F /* lemon.png in Resources */,
			);
			runOnlyForDeploymentPostprocessing = 0;
		};
/* End PBXResourcesBuildPhase section */

/* Begin PBXSourcesBuildPhase section */
		D30738CB20E2B5CA0054DEE6 /* Sources */ = {
			isa = PBXSourcesBuildPhase;
			buildActionMask = 2147483647;
			files = (
				D330D88720F7C68E0018ED1F /* Stand.swift in Sources */,
				D330D89320F9327B0018ED1F /* Points.swift in Sources */,
				D330D86C20F3DCE60018ED1F /* PathEngine.swift in Sources */,
				D330D88D20F806BD0018ED1F /* BonusScene.swift in Sources */,
				D330D93E20FEC32C0018ED1F /* Rock.swift in Sources */,
				D30621B720EE7AC500E2127D /* GameScene.swift in Sources */,
				D30738DB20E2B5CA0054DEE6 /* GameViewController.swift in Sources */,
				D30738F020E2B68A0054DEE6 /* Player.swift in Sources */,
				D30621BD20F02CA400E2127D /* PathItem.swift in Sources */,
				D330D92D20FE68940018ED1F /* BeeEngine.swift in Sources */,
				D330D91A20FE56C40018ED1F /* Bee.swift in Sources */,
				D330D91120FDA2460018ED1F /* Speech.swift in Sources */,
				D330D87420F576B30018ED1F /* Object.swift in Sources */,
				D30738D320E2B5CA0054DEE6 /* AppDelegate.swift in Sources */,
				D330D8C920FD26D60018ED1F /* GameOverScene.swift in Sources */,
				D330D88920F7D6710018ED1F /* Global.swift in Sources */,
			);
			runOnlyForDeploymentPostprocessing = 0;
		};
/* End PBXSourcesBuildPhase section */

/* Begin PBXVariantGroup section */
		D30738DC20E2B5CA0054DEE6 /* Main.storyboard */ = {
			isa = PBXVariantGroup;
			children = (
				D30738DD20E2B5CA0054DEE6 /* Base */,
			);
			name = Main.storyboard;
			sourceTree = "<group>";
		};
		D30738E120E2B5CB0054DEE6 /* LaunchScreen.storyboard */ = {
			isa = PBXVariantGroup;
			children = (
				D30738E220E2B5CB0054DEE6 /* Base */,
			);
			name = LaunchScreen.storyboard;
			sourceTree = "<group>";
		};
/* End PBXVariantGroup section */

/* Begin XCBuildConfiguration section */
		D30738E520E2B5CB0054DEE6 /* Debug */ = {
			isa = XCBuildConfiguration;
			buildSettings = {
				ALWAYS_SEARCH_USER_PATHS = NO;
				CLANG_ANALYZER_NONNULL = YES;
				CLANG_ANALYZER_NUMBER_OBJECT_CONVERSION = YES_AGGRESSIVE;
				CLANG_CXX_LANGUAGE_STANDARD = "gnu++14";
				CLANG_CXX_LIBRARY = "libc++";
				CLANG_ENABLE_MODULES = YES;
				CLANG_ENABLE_OBJC_ARC = YES;
				CLANG_ENABLE_OBJC_WEAK = YES;
				CLANG_WARN_BLOCK_CAPTURE_AUTORELEASING = YES;
				CLANG_WARN_BOOL_CONVERSION = YES;
				CLANG_WARN_COMMA = YES;
				CLANG_WARN_CONSTANT_CONVERSION = YES;
				CLANG_WARN_DEPRECATED_OBJC_IMPLEMENTATIONS = YES;
				CLANG_WARN_DIRECT_OBJC_ISA_USAGE = YES_ERROR;
				CLANG_WARN_DOCUMENTATION_COMMENTS = YES;
				CLANG_WARN_EMPTY_BODY = YES;
				CLANG_WARN_ENUM_CONVERSION = YES;
				CLANG_WARN_INFINITE_RECURSION = YES;
				CLANG_WARN_INT_CONVERSION = YES;
				CLANG_WARN_NON_LITERAL_NULL_CONVERSION = YES;
				CLANG_WARN_OBJC_IMPLICIT_RETAIN_SELF = YES;
				CLANG_WARN_OBJC_LITERAL_CONVERSION = YES;
				CLANG_WARN_OBJC_ROOT_CLASS = YES_ERROR;
				CLANG_WARN_RANGE_LOOP_ANALYSIS = YES;
				CLANG_WARN_STRICT_PROTOTYPES = YES;
				CLANG_WARN_SUSPICIOUS_MOVE = YES;
				CLANG_WARN_UNGUARDED_AVAILABILITY = YES_AGGRESSIVE;
				CLANG_WARN_UNREACHABLE_CODE = YES;
				CLANG_WARN__DUPLICATE_METHOD_MATCH = YES;
				CODE_SIGN_IDENTITY = "iPhone Developer";
				COPY_PHASE_STRIP = NO;
				DEBUG_INFORMATION_FORMAT = dwarf;
				DEVELOPMENT_TEAM = Team;
				ENABLE_STRICT_OBJC_MSGSEND = YES;
				ENABLE_TESTABILITY = YES;
				GCC_C_LANGUAGE_STANDARD = gnu11;
				GCC_DYNAMIC_NO_PIC = NO;
				GCC_NO_COMMON_BLOCKS = YES;
				GCC_OPTIMIZATION_LEVEL = 0;
				GCC_PREPROCESSOR_DEFINITIONS = (
					"DEBUG=1",
					"$(inherited)",
				);
				GCC_WARN_64_TO_32_BIT_CONVERSION = YES;
				GCC_WARN_ABOUT_RETURN_TYPE = YES_ERROR;
				GCC_WARN_UNDECLARED_SELECTOR = YES;
				GCC_WARN_UNINITIALIZED_AUTOS = YES_AGGRESSIVE;
				GCC_WARN_UNUSED_FUNCTION = YES;
				GCC_WARN_UNUSED_VARIABLE = YES;
				IPHONEOS_DEPLOYMENT_TARGET = 11.4;
				MTL_ENABLE_DEBUG_INFO = YES;
				ONLY_ACTIVE_ARCH = YES;
				SDKROOT = iphoneos;
				SWIFT_ACTIVE_COMPILATION_CONDITIONS = DEBUG;
				SWIFT_OPTIMIZATION_LEVEL = "-Onone";
			};
			name = Debug;
		};
		D30738E620E2B5CB0054DEE6 /* Release */ = {
			isa = XCBuildConfiguration;
			buildSettings = {
				ALWAYS_SEARCH_USER_PATHS = NO;
				CLANG_ANALYZER_NONNULL = YES;
				CLANG_ANALYZER_NUMBER_OBJECT_CONVERSION = YES_AGGRESSIVE;
				CLANG_CXX_LANGUAGE_STANDARD = "gnu++14";
				CLANG_CXX_LIBRARY = "libc++";
				CLANG_ENABLE_MODULES = YES;
				CLANG_ENABLE_OBJC_ARC = YES;
				CLANG_ENABLE_OBJC_WEAK = YES;
				CLANG_WARN_BLOCK_CAPTURE_AUTORELEASING = YES;
				CLANG_WARN_BOOL_CONVERSION = YES;
				CLANG_WARN_COMMA = YES;
				CLANG_WARN_CONSTANT_CONVERSION = YES;
				CLANG_WARN_DEPRECATED_OBJC_IMPLEMENTATIONS = YES;
				CLANG_WARN_DIRECT_OBJC_ISA_USAGE = YES_ERROR;
				CLANG_WARN_DOCUMENTATION_COMMENTS = YES;
				CLANG_WARN_EMPTY_BODY = YES;
				CLANG_WARN_ENUM_CONVERSION = YES;
				CLANG_WARN_INFINITE_RECURSION = YES;
				CLANG_WARN_INT_CONVERSION = YES;
				CLANG_WARN_NON_LITERAL_NULL_CONVERSION = YES;
				CLANG_WARN_OBJC_IMPLICIT_RETAIN_SELF = YES;
				CLANG_WARN_OBJC_LITERAL_CONVERSION = YES;
				CLANG_WARN_OBJC_ROOT_CLASS = YES_ERROR;
				CLANG_WARN_RANGE_LOOP_ANALYSIS = YES;
				CLANG_WARN_STRICT_PROTOTYPES = YES;
				CLANG_WARN_SUSPICIOUS_MOVE = YES;
				CLANG_WARN_UNGUARDED_AVAILABILITY = YES_AGGRESSIVE;
				CLANG_WARN_UNREACHABLE_CODE = YES;
				CLANG_WARN__DUPLICATE_METHOD_MATCH = YES;
				CODE_SIGN_IDENTITY = "iPhone Developer";
				COPY_PHASE_STRIP = NO;
				DEBUG_INFORMATION_FORMAT = "dwarf-with-dsym";
				DEVELOPMENT_TEAM = Team;
				ENABLE_NS_ASSERTIONS = NO;
				ENABLE_STRICT_OBJC_MSGSEND = YES;
				GCC_C_LANGUAGE_STANDARD = gnu11;
				GCC_NO_COMMON_BLOCKS = YES;
				GCC_WARN_64_TO_32_BIT_CONVERSION = YES;
				GCC_WARN_ABOUT_RETURN_TYPE = YES_ERROR;
				GCC_WARN_UNDECLARED_SELECTOR = YES;
				GCC_WARN_UNINITIALIZED_AUTOS = YES_AGGRESSIVE;
				GCC_WARN_UNUSED_FUNCTION = YES;
				GCC_WARN_UNUSED_VARIABLE = YES;
				IPHONEOS_DEPLOYMENT_TARGET = 11.4;
				MTL_ENABLE_DEBUG_INFO = NO;
				SDKROOT = iphoneos;
				SWIFT_COMPILATION_MODE = wholemodule;
				SWIFT_OPTIMIZATION_LEVEL = "-O";
				VALIDATE_PRODUCT = YES;
			};
			name = Release;
		};
		D30738E820E2B5CB0054DEE6 /* Debug */ = {
			isa = XCBuildConfiguration;
			buildSettings = {
				ASSETCATALOG_COMPILER_APPICON_NAME = AppIcon;
				CODE_SIGN_STYLE = Automatic;
				INFOPLIST_FILE = CapGame/Info.plist;
				LD_RUNPATH_SEARCH_PATHS = (
					"$(inherited)",
					"@executable_path/Frameworks",
				);
				PRODUCT_BUNDLE_IDENTIFIER = BrandyAustin.CapGame;
				PRODUCT_NAME = "$(TARGET_NAME)";
				SWIFT_VERSION = 4.0;
				TARGETED_DEVICE_FAMILY = "1,2";
			};
			name = Debug;
		};
		D30738E920E2B5CB0054DEE6 /* Release */ = {
			isa = XCBuildConfiguration;
			buildSettings = {
				ASSETCATALOG_COMPILER_APPICON_NAME = AppIcon;
				CODE_SIGN_STYLE = Automatic;
				INFOPLIST_FILE = CapGame/Info.plist;
				LD_RUNPATH_SEARCH_PATHS = (
					"$(inherited)",
					"@executable_path/Frameworks",
				);
				PRODUCT_BUNDLE_IDENTIFIER = BrandyAustin.CapGame;
				PRODUCT_NAME = "$(TARGET_NAME)";
				SWIFT_VERSION = 4.0;
				TARGETED_DEVICE_FAMILY = "1,2";
			};
			name = Release;
		};
/* End XCBuildConfiguration section */

/* Begin XCConfigurationList section */
		D30738CA20E2B5CA0054DEE6 /* Build configuration list for PBXProject "CapGame" */ = {
			isa = XCConfigurationList;
			buildConfigurations = (
				D30738E520E2B5CB0054DEE6 /* Debug */,
				D30738E620E2B5CB0054DEE6 /* Release */,
			);
			defaultConfigurationIsVisible = 0;
			defaultConfigurationName = Release;
		};
		D30738E720E2B5CB0054DEE6 /* Build configuration list for PBXNativeTarget "CapGame" */ = {
			isa = XCConfigurationList;
			buildConfigurations = (
				D30738E820E2B5CB0054DEE6 /* Debug */,
				D30738E920E2B5CB0054DEE6 /* Release */,
			);
			defaultConfigurationIsVisible = 0;
			defaultConfigurationName = Release;
		};
/* End XCConfigurationList section */
	};
	rootObject = D30738C720E2B5CA0054DEE6 /* Project object */;
}
